<?xml version="1.0" encoding="utf-8"?>
<Project ToolsVersion="4.0" xmlns="http://schemas.microsoft.com/developer/msbuild/2003">
  <ItemGroup>
    <Filter Include="Sources">
      <UniqueIdentifier>{b82bbfc1-dffb-4881-a0d0-917304063b57}</UniqueIdentifier>
    </Filter>
    <Filter Include="Sources\Commons">
      <UniqueIdentifier>{8e6cc2ad-e77d-4a83-85bb-8176ba99b7bd}</UniqueIdentifier>
    </Filter>
    <Filter Include="Sources\Includes">
      <UniqueIdentifier>{8a36bd19-a38d-47a2-b2d9-27c3cbf38a6b}</UniqueIdentifier>
    </Filter>
    <Filter Include="Sources\EntryPoints">
      <UniqueIdentifier>{8289bc68-00dc-4a9a-8b4b-716137100475}</UniqueIdentifier>
    </Filter>
    <Filter Include="Sources\Modules">
      <UniqueIdentifier>{e44821a9-e957-4f68-8d2d-57abff2a5181}</UniqueIdentifier>
    </Filter>
    <Filter Include="Sources\Modules\Button">
      <UniqueIdentifier>{8357c098-7cef-4b56-88b9-1bc79100b5b8}</UniqueIdentifier>
    </Filter>
    <Filter Include="Sources\Modules\Button\define">
      <UniqueIdentifier>{51e02eb1-db42-46a8-9c11-960c03cd5e88}</UniqueIdentifier>
    </Filter>
    <Filter Include="Sources\Modules\Button\Execute">
      <UniqueIdentifier>{ce3adf2d-702b-4784-816d-34a55b72a302}</UniqueIdentifier>
    </Filter>
    <Filter Include="Sources\Modules\Button\Execute\innerclass">
      <UniqueIdentifier>{df725274-3d05-4e2c-a6b8-b075d67d083c}</UniqueIdentifier>
    </Filter>
    <Filter Include="Sources\Modules\Button\Execute\innerclass\ErrorCode">
      <UniqueIdentifier>{a5d73dd2-dab9-4836-ba57-a5720952dbf7}</UniqueIdentifier>
    </Filter>
    <Filter Include="Sources\Modules\Button\Execute\innerclass\ButtonConnector">
      <UniqueIdentifier>{6fa96b5f-97b0-4b17-9b32-351e6e5fb066}</UniqueIdentifier>
    </Filter>
    <Filter Include="Sources\Modules\ButtonClickSpy">
      <UniqueIdentifier>{7423cfb4-21bb-4eab-9815-107a669a90da}</UniqueIdentifier>
    </Filter>
    <Filter Include="Sources\Modules\ButtonClickSpy\define">
      <UniqueIdentifier>{5dcb2806-2973-4581-af45-a068b76a416a}</UniqueIdentifier>
    </Filter>
    <Filter Include="Sources\Modules\ButtonClickSpy\innerclass">
      <UniqueIdentifier>{444b7ef1-6a8a-410f-b772-8fb1212c95e3}</UniqueIdentifier>
    </Filter>
    <Filter Include="Sources\Modules\ButtonClickSpy\innerclass\ErrorCode">
      <UniqueIdentifier>{f2026820-8e41-425e-a538-0c68347f5d13}</UniqueIdentifier>
    </Filter>
    <Filter Include="Resources">
      <UniqueIdentifier>{3f85a584-765d-4a73-ad34-ce5908abdb4d}</UniqueIdentifier>
    </Filter>
  </ItemGroup>
  <ItemGroup>
    <ClInclude Include="..\..\..\Sources\ButtonModule\Sources\Commons\EntryPoint.hpp">
      <Filter>Sources\Commons</Filter>
    </ClInclude>
    <ClInclude Include="..\..\..\Sources\ButtonModule\Sources\Includes\include.hpp">
      <Filter>Sources\Includes</Filter>
    </ClInclude>
    <ClInclude Include="..\..\..\Sources\ButtonModule\Sources\EntryPoints\header.hpp">
      <Filter>Sources\EntryPoints</Filter>
    </ClInclude>
    <ClInclude Include="..\..\..\Sources\ButtonModule\Sources\Modules\Button\Button.hpp">
      <Filter>Sources\Modules\Button</Filter>
    </ClInclude>
    <ClInclude Include="..\..\..\Sources\ButtonModule\Sources\Modules\Button\define\define.hpp">
      <Filter>Sources\Modules\Button\define</Filter>
    </ClInclude>
    <ClInclude Include="..\..\..\Sources\ButtonModule\Sources\Modules\Button\Execute\Button.hpp">
      <Filter>Sources\Modules\Button\Execute</Filter>
    </ClInclude>
    <ClInclude Include="..\..\..\Sources\ButtonModule\Sources\Modules\Button\Execute\innerclass\ErrorCode\ErrorCode.hpp">
      <Filter>Sources\Modules\Button\Execute\innerclass\ErrorCode</Filter>
    </ClInclude>
    <ClInclude Include="..\..\..\Sources\ButtonModule\Sources\Modules\Button\Execute\innerclass\ButtonConnector\ButtonConnector.hpp">
      <Filter>Sources\Modules\Button\Execute\innerclass\ButtonConnector</Filter>
    </ClInclude>
    <ClInclude Include="..\..\..\Sources\ButtonModule\Sources\Modules\ButtonClickSpy\ButtonClickSpy.hpp">
      <Filter>Sources\Modules\ButtonClickSpy</Filter>
    </ClInclude>
    <ClInclude Include="..\..\..\Sources\ButtonModule\Sources\Modules\ButtonClickSpy\define\define.hpp">
      <Filter>Sources\Modules\ButtonClickSpy\define</Filter>
    </ClInclude>
    <ClInclude Include="..\..\..\Sources\ButtonModule\Sources\Modules\ButtonClickSpy\innerclass\ErrorCode\ErrorCode.hpp">
      <Filter>Sources\Modules\ButtonClickSpy\innerclass\ErrorCode</Filter>
    </ClInclude>
  </ItemGroup>
  <ItemGroup>
    <ClCompile Include="..\..\..\Sources\ButtonModule\Sources\EntryPoints\main.cpp">
      <Filter>Sources\EntryPoints</Filter>
    </ClCompile>
    <ClCompile Include="..\..\..\Sources\ButtonModule\Sources\Modules\Button\Execute\Button.cpp">
      <Filter>Sources\Modules\Button\Execute</Filter>
    </ClCompile>
    <ClCompile Include="..\..\..\Sources\ButtonModule\Sources\Modules\Button\Execute\innerclass\ButtonConnector\ButtonConnector.cpp">
      <Filter>Sources\Modules\Button\Execute\innerclass\ButtonConnector</Filter>
    </ClCompile>
    <ClCompile Include="..\..\..\Sources\ButtonModule\Sources\Modules\ButtonClickSpy\ButtonClickSpy.cpp">
      <Filter>Sources\Modules\ButtonClickSpy</Filter>
    </ClCompile>
  </ItemGroup>
</Project>