<?xml version="1.0" encoding="utf-8"?>
<Project ToolsVersion="4.0" xmlns="http://schemas.microsoft.com/developer/msbuild/2003">
  <ItemGroup>
    <Filter Include="Sources">
      <UniqueIdentifier>{0c483515-c5c5-409d-9921-a102468db1fc}</UniqueIdentifier>
    </Filter>
    <Filter Include="Sources\HTML Files">
      <UniqueIdentifier>{dbf98eff-30ab-4e04-802d-1156b96b19d3}</UniqueIdentifier>
      <Extensions>htm</Extensions>
    </Filter>
    <Filter Include="Sources\HTML Files\CSS Files">
      <UniqueIdentifier>{8900223d-18ed-4425-b1fc-7f59ac829340}</UniqueIdentifier>
    </Filter>
    <Filter Include="Sources\Etc">
      <UniqueIdentifier>{faede077-c5eb-467e-93ed-7f93b419f1b6}</UniqueIdentifier>
      <Extensions>vsz;vsdir;ico;vcproj;csproj;css;inf</Extensions>
    </Filter>
    <Filter Include="Sources\Script Files">
      <UniqueIdentifier>{6d06bfc3-1c53-48f3-96e3-6234713593fe}</UniqueIdentifier>
      <Extensions>js</Extensions>
    </Filter>
    <Filter Include="Sources\Template Files">
      <UniqueIdentifier>{81a4b1a5-e912-4bb3-90ed-78ab4af31d0d}</UniqueIdentifier>
      <Extensions>txt</Extensions>
    </Filter>
    <Filter Include="Sources\Images">
      <UniqueIdentifier>{2f325452-9c6c-4c30-b307-ff047d29481f}</UniqueIdentifier>
    </Filter>
    <Filter Include="Resources">
      <UniqueIdentifier>{2389740d-927d-409c-be15-6a0355e26f52}</UniqueIdentifier>
    </Filter>
    <Filter Include="Sources\Vsz">
      <UniqueIdentifier>{e904e441-192f-42fa-ad90-808d4c952e68}</UniqueIdentifier>
    </Filter>
    <Filter Include="Sources\Vsz\VisualStudio2008">
      <UniqueIdentifier>{e4877f05-1ec7-40ea-bf09-7ed18c363f89}</UniqueIdentifier>
    </Filter>
    <Filter Include="Sources\Vsz\VisualStudio2012">
      <UniqueIdentifier>{0c8cac73-298b-4945-8e2d-0101681354a5}</UniqueIdentifier>
    </Filter>
  </ItemGroup>
  <ItemGroup>
    <None Include="..\..\..\Sources\ProjectTemplate\HTML\1033\Page_4.htm">
      <Filter>Sources\HTML Files</Filter>
    </None>
    <None Include="..\..\..\Sources\ProjectTemplate\HTML\1033\Page_5.htm">
      <Filter>Sources\HTML Files</Filter>
    </None>
    <None Include="..\..\..\Sources\ProjectTemplate\HTML\1033\default.htm">
      <Filter>Sources\HTML Files</Filter>
    </None>
    <None Include="..\..\..\Sources\ProjectTemplate\HTML\1033\Page_2.htm">
      <Filter>Sources\HTML Files</Filter>
    </None>
    <None Include="..\..\..\Sources\ProjectTemplate\HTML\1033\Page_3.htm">
      <Filter>Sources\HTML Files</Filter>
    </None>
    <None Include="..\..\..\Sources\ProjectTemplate\1033\NewStyles.css">
      <Filter>Sources\HTML Files\CSS Files</Filter>
    </None>
    <None Include="..\..\..\Sources\ProjectTemplate\1033\mdk_wizard.css">
      <Filter>Sources\HTML Files\CSS Files</Filter>
    </None>
    <None Include="..\..\..\Sources\ProjectTemplate\Scripts\1033\default.js">
      <Filter>Sources\Script Files</Filter>
    </None>
    <None Include="..\..\..\Sources\ProjectTemplate\Vsz\1033\VisualStudio2008\MDK Project Template.vsdir">
      <Filter>Sources\Vsz\VisualStudio2008</Filter>
    </None>
    <None Include="..\..\..\Sources\ProjectTemplate\Vsz\1033\VisualStudio2008\MDK Project Template.vsz">
      <Filter>Sources\Vsz\VisualStudio2008</Filter>
    </None>
    <None Include="..\..\..\Sources\ProjectTemplate\Vsz\1033\VisualStudio2012\MDK Project Template.vsdir">
      <Filter>Sources\Vsz\VisualStudio2012</Filter>
    </None>
    <None Include="..\..\..\Sources\ProjectTemplate\Vsz\1033\VisualStudio2012\MDK Project Template.vsz">
      <Filter>Sources\Vsz\VisualStudio2012</Filter>
    </None>
  </ItemGroup>
  <ItemGroup>
    <Image Include="..\..\..\Sources\ProjectTemplate\1033\Images\DottedHori.gif">
      <Filter>Sources\Images</Filter>
    </Image>
    <Image Include="..\..\..\Sources\ProjectTemplate\1033\Images\DottedVert.gif">
      <Filter>Sources\Images</Filter>
    </Image>
    <Image Include="..\..\..\Sources\ProjectTemplate\1033\Images\spacer.gif">
      <Filter>Sources\Images</Filter>
    </Image>
    <Image Include="..\..\..\Sources\ProjectTemplate\Images\MDK Project Template.gif">
      <Filter>Sources\Images</Filter>
    </Image>
    <Image Include="..\..\..\Sources\ProjectTemplate\Images\MDK Project Template_Background.gif">
      <Filter>Sources\Images</Filter>
    </Image>
    <Image Include="..\..\..\Sources\ProjectTemplate\Vsz\1033\VisualStudio2008\MDK Project Template.ico">
      <Filter>Sources\Vsz\VisualStudio2008</Filter>
    </Image>
    <Image Include="..\..\..\Sources\ProjectTemplate\Vsz\1033\VisualStudio2012\MDK Project Template.ico">
      <Filter>Sources\Vsz\VisualStudio2012</Filter>
    </Image>
  </ItemGroup>
</Project>