<?xml version="1.0" encoding="utf-8"?>
<Project ToolsVersion="4.0" xmlns="http://schemas.microsoft.com/developer/msbuild/2003">
  <ItemGroup>
    <Filter Include="Reources">
      <UniqueIdentifier>{c2f852ee-428f-419e-b0b9-cab06a31e5ac}</UniqueIdentifier>
    </Filter>
    <Filter Include="Sources">
      <UniqueIdentifier>{c1d2916b-a526-4f27-a4d0-6564bb6efa33}</UniqueIdentifier>
    </Filter>
    <Filter Include="Sources\Modules">
      <UniqueIdentifier>{8eea99eb-9811-4d6f-a563-223b06caa2cf}</UniqueIdentifier>
    </Filter>
    <Filter Include="Sources\Modules\NEObject">
      <UniqueIdentifier>{6819a2bf-f630-491f-b138-5375abe3bc84}</UniqueIdentifier>
    </Filter>
    <Filter Include="Sources\Modules\NEObject\NECollector">
      <UniqueIdentifier>{7396c3ef-65bd-483f-8da5-b2bd72715a1a}</UniqueIdentifier>
    </Filter>
    <Filter Include="Sources\Modules\NEObject\NECollector\NEStack">
      <UniqueIdentifier>{2ed3b041-e2d8-4542-bc0d-0165ddf2ff96}</UniqueIdentifier>
    </Filter>
    <Filter Include="Sources\Modules\NEObject\NECollector\NEStack\NEKeySet">
      <UniqueIdentifier>{46436c09-9593-4293-b6c0-c30824ee5dcb}</UniqueIdentifier>
    </Filter>
    <Filter Include="Sources\Modules\NEObject\NECollector\NEStack\NEModuleSet">
      <UniqueIdentifier>{d86fe6f9-c0ce-4915-85ce-5c4528f1e3e1}</UniqueIdentifier>
    </Filter>
    <Filter Include="Sources\Modules\NEObject\NECollector\NEStack\NEModuleSet\NEManagedModuleSet">
      <UniqueIdentifier>{4239eb7a-4af4-4e0f-8aa5-884d6bc605b6}</UniqueIdentifier>
    </Filter>
    <Filter Include="Sources\Modules\NEObject\NECollector\NEStack\NENodeSet">
      <UniqueIdentifier>{8641a795-3dae-4a30-a8a1-63166b33eb3a}</UniqueIdentifier>
    </Filter>
    <Filter Include="Sources\Modules\NEObject\NECollector\NEStack\NENodeSet\NEManagedNodeSet">
      <UniqueIdentifier>{503e8010-1aed-42d7-84ab-5ce867aba980}</UniqueIdentifier>
    </Filter>
    <Filter Include="Sources\Modules\NEObject\NECollector\NEStack\NEUByteSet">
      <UniqueIdentifier>{fdcbfa07-46da-4ff4-a05b-87e17123182e}</UniqueIdentifier>
    </Filter>
    <Filter Include="Sources\Modules\NEObject\NECollector\NEStack\NEUIntSet">
      <UniqueIdentifier>{7e9bade0-2322-4b17-bfc1-10bfb2fd9a9a}</UniqueIdentifier>
    </Filter>
    <Filter Include="Sources\Modules\NEObject\NECollector\NEStack\NEShortCutSet">
      <UniqueIdentifier>{b029f05d-fd99-4499-bfce-c560f0a5ee49}</UniqueIdentifier>
    </Filter>
    <Filter Include="Sources\Modules\NEObject\NECollector\NEStack\NEBooleanSet">
      <UniqueIdentifier>{4f728ad8-daf3-4ceb-8845-6988c980e62b}</UniqueIdentifier>
    </Filter>
    <Filter Include="Sources\Modules\NEObject\NECollector\NEStack\NEShortSet">
      <UniqueIdentifier>{46363176-4f82-4c46-a4dd-42fb97f00a28}</UniqueIdentifier>
    </Filter>
    <Filter Include="Sources\Modules\NEObject\NECollector\NEStack\NEFloatSet">
      <UniqueIdentifier>{13671919-d1a2-4c32-8888-11b2b7faca0f}</UniqueIdentifier>
    </Filter>
    <Filter Include="Sources\Modules\NEObject\NECollector\NEStack\NEDoubleSet">
      <UniqueIdentifier>{e0c4c302-0223-4e65-a619-0af6e2ada692}</UniqueIdentifier>
    </Filter>
    <Filter Include="Sources\Modules\NEObject\NECollector\NEStack\NEByteSet">
      <UniqueIdentifier>{a20a7a9a-47a5-4463-82d5-f47eca064c1d}</UniqueIdentifier>
    </Filter>
    <Filter Include="Sources\Modules\NEObject\NECollector\NEStack\NEWCharSet">
      <UniqueIdentifier>{ae8aad7f-0003-44a9-8035-efe1a7111d60}</UniqueIdentifier>
    </Filter>
    <Filter Include="Sources\Modules\NEObject\NECollector\NEStack\NEWCharSet\NEWString">
      <UniqueIdentifier>{a8c7c343-05a1-444d-bd86-683649c2a567}</UniqueIdentifier>
    </Filter>
    <Filter Include="Sources\Modules\NEObject\NECollector\NEStack\NEInt64Set">
      <UniqueIdentifier>{ddcda6bd-f7d9-4d60-a7e9-8fd16f470708}</UniqueIdentifier>
    </Filter>
    <Filter Include="Sources\Modules\NEObject\NECollector\NEStack\NEIntSet">
      <UniqueIdentifier>{bd847c79-8183-4f85-9e8d-21096d785d5a}</UniqueIdentifier>
    </Filter>
    <Filter Include="Sources\Modules\NEObject\NECollector\NEStack\NECodeSet">
      <UniqueIdentifier>{2704a0b4-34a2-4b14-926f-3fa56a772742}</UniqueIdentifier>
    </Filter>
    <Filter Include="Sources\Modules\NEObject\NECollector\NEStack\NECodeSet\NEModuleScriptCodeSet">
      <UniqueIdentifier>{a3fdba85-485b-412c-830c-0997133d92d2}</UniqueIdentifier>
    </Filter>
    <Filter Include="Sources\Modules\NEObject\NECollector\NEStack\NECharSet">
      <UniqueIdentifier>{d98bdddb-c1db-4def-a038-2d441fbaae67}</UniqueIdentifier>
    </Filter>
    <Filter Include="Sources\Modules\NEObject\NECollector\NEStack\NECharSet\NEString">
      <UniqueIdentifier>{2dc729f1-2ace-4ff9-a1d4-cceaeb522c65}</UniqueIdentifier>
    </Filter>
    <Filter Include="Sources\Modules\NEObject\NECollector\NEStack\NEUShortSet">
      <UniqueIdentifier>{4069590d-93b6-427c-8c75-9227ade0d766}</UniqueIdentifier>
    </Filter>
    <Filter Include="Sources\Modules\NEObject\NECollector\NEStack\NENodeIdSet">
      <UniqueIdentifier>{61ae474d-e849-4fa6-b6ca-caa39d52814d}</UniqueIdentifier>
    </Filter>
    <Filter Include="Sources\Modules\NEObject\NECollector\NEList">
      <UniqueIdentifier>{12c04202-6ec4-4a13-af62-acc7caeca50f}</UniqueIdentifier>
    </Filter>
    <Filter Include="Sources\Modules\NEObject\NECollector\NEList\innerclass">
      <UniqueIdentifier>{0c61a46b-f020-4fc0-9ef9-83672fc0cc14}</UniqueIdentifier>
    </Filter>
    <Filter Include="Sources\Modules\NEObject\NECollector\NEList\innerclass\PointerIterator">
      <UniqueIdentifier>{a441b54e-ac28-4f32-ad02-12be671d0cc5}</UniqueIdentifier>
    </Filter>
    <Filter Include="Sources\Modules\NEObject\NECollector\NEList\innerclass\Iterator">
      <UniqueIdentifier>{319577c0-6cf0-463c-9c56-e9d032968a65}</UniqueIdentifier>
    </Filter>
    <Filter Include="Sources\Modules\NEObject\NECollector\NEList\innerclass\PointerIteratorWithPolyMorphism">
      <UniqueIdentifier>{d45d70ba-d436-4feb-ba87-765e9e61f5cb}</UniqueIdentifier>
    </Filter>
    <Filter Include="Sources\Modules\NEObject\NECollector\NEList\NEModuleList">
      <UniqueIdentifier>{1b342d19-f18c-498e-ac75-dcd4463ee116}</UniqueIdentifier>
    </Filter>
    <Filter Include="Sources\Modules\NEObject\NECollector\NEList\NENodeList">
      <UniqueIdentifier>{ba93e3fb-cf16-469c-aa49-9b9edeef233f}</UniqueIdentifier>
    </Filter>
    <Filter Include="Sources\Modules\NEObject\NECollector\NEList\NENodeList\NEEnrollableNodeList">
      <UniqueIdentifier>{a3a39191-46a5-4749-bdb8-6e8c236fcd11}</UniqueIdentifier>
    </Filter>
    <Filter Include="Sources\Modules\NEObject\NECollector\NEList\NENodeList\NEEnrollableNodeList\NEManagedNodeList">
      <UniqueIdentifier>{44af8d90-1592-4090-ba1c-3973e778912b}</UniqueIdentifier>
    </Filter>
    <Filter Include="Sources\Modules\NEObject\NECollector\NEList\NEShortCut">
      <UniqueIdentifier>{4c9e36ce-d6e3-4b57-9ec4-74ca8dab0409}</UniqueIdentifier>
    </Filter>
    <Filter Include="Sources\Modules\NEObject\NECollector\NEList\NEStringList">
      <UniqueIdentifier>{9452a046-45c8-450d-9fc6-82c90224754e}</UniqueIdentifier>
    </Filter>
    <Filter Include="Sources\Modules\NEObject\NECollector\NEList\NEWStringList">
      <UniqueIdentifier>{1a6bfe7a-1d3e-4b15-a8a0-e95822d0c2d9}</UniqueIdentifier>
    </Filter>
    <Filter Include="Sources\Modules\NEObject\NECollector\NEList\NEModuleDepthList">
      <UniqueIdentifier>{929c4731-945d-4e67-a3d4-30b4498d1de1}</UniqueIdentifier>
    </Filter>
    <Filter Include="Sources\Modules\NEObject\NEUnit">
      <UniqueIdentifier>{1d9239e9-a9fc-43b9-8893-2f548b0ee2fa}</UniqueIdentifier>
    </Filter>
    <Filter Include="Sources\Modules\NEObject\NEUnit\NENamedUnit">
      <UniqueIdentifier>{1760da79-719a-4419-9657-1815cf8ae264}</UniqueIdentifier>
    </Filter>
    <Filter Include="Sources\Modules\NEObject\NEUnit\NENamedUnit\NENode">
      <UniqueIdentifier>{332d8ed9-0c98-45ae-87d3-5d38e70ccacc}</UniqueIdentifier>
    </Filter>
    <Filter Include="Sources\Modules\NEObject\NEUnit\NENamedUnit\NEModule">
      <UniqueIdentifier>{533db52b-e5ff-47ea-8484-044427d1394a}</UniqueIdentifier>
    </Filter>
    <Filter Include="Sources\Modules\NEObject\NEUnit\NENamedUnit\NEModule\NEDebugManager">
      <UniqueIdentifier>{24f95dec-74ed-4e83-b8b0-c67ef91801d0}</UniqueIdentifier>
    </Filter>
    <Filter Include="Sources\Modules\NEObject\NEUnit\NENamedUnit\NEModule\NEDebugManager\innerclass">
      <UniqueIdentifier>{4b9071b9-ac44-4c44-a606-e3d33da575ff}</UniqueIdentifier>
    </Filter>
    <Filter Include="Sources\Modules\NEObject\NEUnit\NENamedUnit\NEModule\NEDebugManager\innerclass\DebugMacro">
      <UniqueIdentifier>{7786ae30-83bd-40d3-895b-c9a7af87d0f6}</UniqueIdentifier>
    </Filter>
    <Filter Include="Sources\Modules\NEObject\NEUnit\NENamedUnit\NEModule\NEDebugManager\innerclass\FlagSet">
      <UniqueIdentifier>{1167a364-d190-4292-bdd5-62a6a55c9341}</UniqueIdentifier>
    </Filter>
    <Filter Include="Sources\Modules\NEObject\NEUnit\NENamedUnit\NEModule\NEDebugManager\innerclass\Flag">
      <UniqueIdentifier>{b582078d-5bb5-4b6f-aff5-dfed5cdbf5bd}</UniqueIdentifier>
    </Filter>
    <Filter Include="Sources\Modules\NEObject\NEUnit\NENamedUnit\NEModule\NEDebugManager\innerclass\ErrorCode">
      <UniqueIdentifier>{864ae382-c7ad-4ecb-89ff-5d5303e77228}</UniqueIdentifier>
    </Filter>
    <Filter Include="Sources\Modules\NEObject\NEUnit\NENamedUnit\NEModule\NEDebugManager\define">
      <UniqueIdentifier>{1ae50775-bbfd-4679-a1fd-29a429c1ef01}</UniqueIdentifier>
    </Filter>
    <Filter Include="Sources\Modules\NEObject\NEUnit\NENamedUnit\NEModule\NEINIManager">
      <UniqueIdentifier>{3990c2d5-8633-4dda-9724-d902e9e033a9}</UniqueIdentifier>
    </Filter>
    <Filter Include="Sources\Modules\NEObject\NEUnit\NENamedUnit\NEModule\NEINIManager\define">
      <UniqueIdentifier>{586e533b-004b-40ab-a491-4a8e24b3652a}</UniqueIdentifier>
    </Filter>
    <Filter Include="Sources\Modules\NEObject\NEUnit\NENamedUnit\NEModule\NEINIManager\innerclass">
      <UniqueIdentifier>{d87c5caa-6307-45f4-b7f1-6be75b79c7c4}</UniqueIdentifier>
    </Filter>
    <Filter Include="Sources\Modules\NEObject\NEUnit\NENamedUnit\NEModule\NEINIManager\innerclass\ErrorCode">
      <UniqueIdentifier>{88c7aad8-91f2-46f7-86c6-c0171891aa39}</UniqueIdentifier>
    </Filter>
    <Filter Include="Sources\Modules\NEObject\NEUnit\NENamedUnit\NEModule\NENodeManager">
      <UniqueIdentifier>{01f0971e-3034-4d91-9b11-cf8f5a26c3e5}</UniqueIdentifier>
    </Filter>
    <Filter Include="Sources\Modules\NEObject\NEUnit\NENamedUnit\NEModule\NENodeManager\innerclass">
      <UniqueIdentifier>{2c1d353d-01c2-4da7-ab7a-6cf577562f72}</UniqueIdentifier>
    </Filter>
    <Filter Include="Sources\Modules\NEObject\NEUnit\NENamedUnit\NEModule\NENodeManager\innerclass\LocalStack">
      <UniqueIdentifier>{77e40664-ca0c-4ce1-960c-83a80e32f886}</UniqueIdentifier>
    </Filter>
    <Filter Include="Sources\Modules\NEObject\NEUnit\NENamedUnit\NEModule\NEModuleManager">
      <UniqueIdentifier>{667005a8-3390-4edc-b0e1-707b5159febf}</UniqueIdentifier>
    </Filter>
    <Filter Include="Sources\Modules\NEObject\NEUnit\NENamedUnit\NEModule\NEModuleManager\define">
      <UniqueIdentifier>{19e86ba1-951c-4ca5-acd4-c9db183c8614}</UniqueIdentifier>
    </Filter>
    <Filter Include="Sources\Modules\NEObject\NEUnit\NENamedUnit\NEModule\NEModuleManager\innerclass">
      <UniqueIdentifier>{1513290f-4053-430b-aec2-a87454595f75}</UniqueIdentifier>
    </Filter>
    <Filter Include="Sources\Modules\NEObject\NEUnit\NENamedUnit\NEModule\NEModuleManager\innerclass\ErrorCode">
      <UniqueIdentifier>{8c47b408-c595-46fe-9a5c-b54cd3277497}</UniqueIdentifier>
    </Filter>
    <Filter Include="Sources\Modules\NEObject\NEUnit\NENamedUnit\NEModule\NEModuleManager\innerclass\DLLHeader">
      <UniqueIdentifier>{397bc3f3-0f59-44c0-9df8-dcd6d58c909e}</UniqueIdentifier>
    </Filter>
    <Filter Include="Sources\Modules\NEObject\NEUnit\NENamedUnit\NEModule\NEScriptManager">
      <UniqueIdentifier>{869e17a8-92d1-4ddd-a228-b72d2d42a38a}</UniqueIdentifier>
    </Filter>
    <Filter Include="Sources\Modules\NEObject\NEUnit\NENamedUnit\NEModule\NEScriptManager\innerclass">
      <UniqueIdentifier>{3878b6d4-47ca-48ea-a097-08c93bf8478e}</UniqueIdentifier>
    </Filter>
    <Filter Include="Sources\Modules\NEObject\NEUnit\NENamedUnit\NEModule\NEScriptManager\innerclass\ScriptHeader">
      <UniqueIdentifier>{cfe075d9-a00c-4115-bb39-fa0ee1b2f6f5}</UniqueIdentifier>
    </Filter>
    <Filter Include="Sources\Modules\NEObject\NEUnit\NENamedUnit\NEModule\innerclass">
      <UniqueIdentifier>{36207511-da26-40ef-9c9f-f3c66fc9f13c}</UniqueIdentifier>
    </Filter>
    <Filter Include="Sources\Modules\NEObject\NEUnit\NENamedUnit\NEModule\innerclass\BaseConnector">
      <UniqueIdentifier>{8703dc75-7a9f-4ca5-ac00-2fd78c2f45aa}</UniqueIdentifier>
    </Filter>
    <Filter Include="Sources\Modules\NEObject\NEUnit\NENamedUnit\NEModule\Kernal">
      <UniqueIdentifier>{5552a604-9b98-488c-ba63-7edbb9f35791}</UniqueIdentifier>
    </Filter>
    <Filter Include="Sources\Modules\NEObject\NEUnit\NENamedUnit\NEModule\Kernal\define">
      <UniqueIdentifier>{d4c09aa4-027e-43f6-98ee-b8dac4ee9a10}</UniqueIdentifier>
    </Filter>
    <Filter Include="Sources\Modules\NEObject\NEUnit\NENamedUnit\NEModule\Kernal\innerclass">
      <UniqueIdentifier>{eafec976-381c-4f70-8fe9-f47596ad949d}</UniqueIdentifier>
    </Filter>
    <Filter Include="Sources\Modules\NEObject\NEUnit\NENamedUnit\NEModule\Kernal\innerclass\ErrorCode">
      <UniqueIdentifier>{6634dc73-b982-40b9-ac1c-83b0a3ed7946}</UniqueIdentifier>
    </Filter>
    <Filter Include="Sources\Modules\NEObject\NEUnit\NENamedUnit\NEModule\Kernal\innerclass\Factory">
      <UniqueIdentifier>{fcc96fdd-e796-487a-b114-25d47354a35c}</UniqueIdentifier>
    </Filter>
    <Filter Include="Sources\Modules\NEObject\NEUnit\NENamedUnit\NEModule\Kernal\innerclass\Settings">
      <UniqueIdentifier>{8c39a9eb-ab80-4a41-b782-295e2d2c7b88}</UniqueIdentifier>
    </Filter>
    <Filter Include="Sources\Modules\NEObject\NEUnit\NENamedUnit\NEModule\Kernal\innerclass\Settings\ModifiableSettings">
      <UniqueIdentifier>{40f4aaef-a905-4de7-aa77-43b78fc3401e}</UniqueIdentifier>
    </Filter>
    <Filter Include="Sources\Modules\NEObject\NEKey">
      <UniqueIdentifier>{d3f9981e-0638-48e7-924e-219432100ecc}</UniqueIdentifier>
    </Filter>
    <Filter Include="Sources\Modules\NEObject\NEKey\NEKeyTemplate">
      <UniqueIdentifier>{3dff0825-ec7f-4504-958d-58c8aeaf0d2a}</UniqueIdentifier>
    </Filter>
    <Filter Include="Sources\Modules\NEObject\NEKey\NEKeyTemplate\Templates">
      <UniqueIdentifier>{09ea4b83-344b-4e3c-b36c-0739c7845145}</UniqueIdentifier>
    </Filter>
    <Filter Include="Sources\Modules\NEObject\NEKey\NENodeSelectorInterface">
      <UniqueIdentifier>{41146860-e8c6-4412-84a3-359b02ad9b8d}</UniqueIdentifier>
    </Filter>
    <Filter Include="Sources\Modules\NEObject\NEKey\NENodeSelectorInterface\NENodeSelectorBase">
      <UniqueIdentifier>{9d55bc4f-f883-4720-9f9b-6f6061a09b03}</UniqueIdentifier>
    </Filter>
    <Filter Include="Sources\Modules\NEObject\NEKey\NENodeSelectorInterface\NENodeSelectorBase\NENodeSelector">
      <UniqueIdentifier>{ef8635e9-a93e-4ada-8648-89313c9cee3f}</UniqueIdentifier>
    </Filter>
    <Filter Include="Sources\Modules\NEObject\NEKey\NENodeSelectorInterface\NEModuleSelectorTemplate">
      <UniqueIdentifier>{00586c14-8b41-4965-ac44-536ba91de375}</UniqueIdentifier>
    </Filter>
    <Filter Include="Sources\Modules\NEObject\NEKey\NENodeSelectorInterface\NEModuleSelectorTemplate\Templates">
      <UniqueIdentifier>{99f212b4-e56e-4de4-8440-640cb1d19015}</UniqueIdentifier>
    </Filter>
    <Filter Include="Sources\Modules\NEObject\NEKey\NENodeSelectorInterface\NEModuleSelectorTemplate\NEKeySelectorTemplate">
      <UniqueIdentifier>{6df03b18-d72f-4c20-b785-2a47392c82ce}</UniqueIdentifier>
    </Filter>
    <Filter Include="Sources\Modules\NEObject\NEKey\NENodeSelectorInterface\NEModuleSelectorTemplate\NEKeySelectorTemplate\Templates">
      <UniqueIdentifier>{5b0f56de-422e-451b-96f3-0db825784d2a}</UniqueIdentifier>
    </Filter>
    <Filter Include="Sources\Commons">
      <UniqueIdentifier>{e3675785-88a4-4bf5-b9c3-46ffa4b28991}</UniqueIdentifier>
    </Filter>
    <Filter Include="Sources\Commons\Units">
      <UniqueIdentifier>{7422c4be-9a2c-48fa-91bf-a2dd38caa388}</UniqueIdentifier>
    </Filter>
    <Filter Include="Sources\Commons\Units\NEModuleDepthUnit">
      <UniqueIdentifier>{8f61b794-fd4c-47aa-b4db-4c3c22ad89f1}</UniqueIdentifier>
    </Filter>
    <Filter Include="Sources\Commons\Functions">
      <UniqueIdentifier>{be4c7c91-b336-410b-abbc-7784022fcabc}</UniqueIdentifier>
    </Filter>
    <Filter Include="Sources\Commons\Functions\NEBinaryTemplates">
      <UniqueIdentifier>{a9c66e07-f8a5-48b7-9138-5b9541215f68}</UniqueIdentifier>
    </Filter>
    <Filter Include="Sources\Commons\Functions\NEBinaryTemplates\NEBinaryLoaderTemplates">
      <UniqueIdentifier>{e830ec6e-c571-4443-b236-cba97bf680d5}</UniqueIdentifier>
    </Filter>
    <Filter Include="Sources\Commons\Functions\NEBinaryTemplates\NEBinarySaverTemplates">
      <UniqueIdentifier>{4504bb75-8ee9-4752-9d57-df10fe5e10b6}</UniqueIdentifier>
    </Filter>
    <Filter Include="Sources\Commons\Functions\NEResult">
      <UniqueIdentifier>{2a63d282-8040-4807-bdf8-7c69d0466273}</UniqueIdentifier>
    </Filter>
    <Filter Include="Sources\Commons\Functions\NEResult\define">
      <UniqueIdentifier>{86e65457-e6d2-426c-aa64-145bed55d9a2}</UniqueIdentifier>
    </Filter>
    <Filter Include="Sources\Commons\Functions\NEResult\innerclass">
      <UniqueIdentifier>{b11f3abb-eaff-4e89-a5e5-2c923cbd5d9b}</UniqueIdentifier>
    </Filter>
    <Filter Include="Sources\Commons\Functions\NEResult\innerclass\Level">
      <UniqueIdentifier>{ad3ad929-7621-414d-a7b5-fa20e8bdac56}</UniqueIdentifier>
    </Filter>
    <Filter Include="Sources\Commons\Functions\NETemplateChecker">
      <UniqueIdentifier>{2e229332-79f1-4b21-8740-22ce9267284c}</UniqueIdentifier>
    </Filter>
    <Filter Include="Sources\Commons\Interfaces">
      <UniqueIdentifier>{c4a1f70a-37c5-4917-93a8-ffcd15def2c6}</UniqueIdentifier>
    </Filter>
    <Filter Include="Sources\Commons\Interfaces\NEInitializable">
      <UniqueIdentifier>{4d9471b0-9e53-4397-bd7d-1b274c8e1746}</UniqueIdentifier>
    </Filter>
    <Filter Include="Sources\Commons\Interfaces\NEInitializable\NEExportable">
      <UniqueIdentifier>{0064a4f2-82ec-42fc-90d7-b72df6cf97ec}</UniqueIdentifier>
    </Filter>
    <Filter Include="Sources\Commons\Interfaces\NEInitializable\NEExportable\innerclass">
      <UniqueIdentifier>{b3deec82-9bc4-4e5b-9efc-9f8f41c4c64f}</UniqueIdentifier>
    </Filter>
    <Filter Include="Sources\Commons\Interfaces\NEInitializable\NEExportable\innerclass\Identifier">
      <UniqueIdentifier>{f431dd71-0914-4854-a114-220785c4f98d}</UniqueIdentifier>
    </Filter>
    <Filter Include="Sources\Commons\Interfaces\NEInitializable\NEExportable\innerclass\Identifier\Header">
      <UniqueIdentifier>{b0927c53-bd25-4444-bc04-bdc519f1082f}</UniqueIdentifier>
    </Filter>
    <Filter Include="Sources\Commons\Interfaces\NEInitializable\NEExportable\innerclass\Identifier\Header\ModuleHeader">
      <UniqueIdentifier>{00f2684a-760b-41f7-ab11-4b2448f955fe}</UniqueIdentifier>
    </Filter>
    <Filter Include="Sources\Commons\Interfaces\NEEnrollable">
      <UniqueIdentifier>{6127591c-8f51-436a-a414-b63d9038fa1e}</UniqueIdentifier>
    </Filter>
    <Filter Include="Sources\Commons\Interfaces\NEBeManaged">
      <UniqueIdentifier>{4c6a0e17-005d-4ca0-aa6c-85954daf8c13}</UniqueIdentifier>
    </Filter>
    <Filter Include="Sources\Commons\Enums">
      <UniqueIdentifier>{ce2e830d-47a8-4609-946f-7ae8a178e7d6}</UniqueIdentifier>
    </Filter>
    <Filter Include="Sources\Commons\Enums\NEType">
      <UniqueIdentifier>{4aec2cc5-8b4f-40cb-a9b2-c1cc2e499511}</UniqueIdentifier>
    </Filter>
    <Filter Include="Sources\Commons\Enums\CodeType">
      <UniqueIdentifier>{ea564215-32ce-4edb-99d6-281431a67364}</UniqueIdentifier>
    </Filter>
    <Filter Include="Sources\Commons\Typedefs">
      <UniqueIdentifier>{803f7f1f-38e0-44c4-8911-e1c6e74af03c}</UniqueIdentifier>
    </Filter>
    <Filter Include="Sources\Commons\Typedefs\NETString">
      <UniqueIdentifier>{0479f84e-0f0f-4d06-80cf-7fe77830d36c}</UniqueIdentifier>
    </Filter>
    <Filter Include="Sources\Includes">
      <UniqueIdentifier>{f4be95e9-9e27-4614-ae4a-f75a5bf6843a}</UniqueIdentifier>
    </Filter>
    <Filter Include="Sources\EntryPoints">
      <UniqueIdentifier>{7b4520c9-588f-4e73-b6d4-0db0fa69e4e7}</UniqueIdentifier>
    </Filter>
  </ItemGroup>
  <ItemGroup>
    <None Include="VersionNo.ini">
      <Filter>Reources</Filter>
    </None>
    <None Include="..\..\..\Sources\Kernal\Sources\Modules\NEObject\NECollector\NECollector.inl">
      <Filter>Sources\Modules\NEObject\NECollector</Filter>
    </None>
    <None Include="..\..\..\Sources\Kernal\Sources\Modules\NEObject\NECollector\NEPointerCollector.inl">
      <Filter>Sources\Modules\NEObject\NECollector</Filter>
    </None>
    <None Include="..\..\..\Sources\Kernal\Sources\Modules\NEObject\NECollector\NEStack\NEPointerStack.inl">
      <Filter>Sources\Modules\NEObject\NECollector\NEStack</Filter>
    </None>
    <None Include="..\..\..\Sources\Kernal\Sources\Modules\NEObject\NECollector\NEStack\NEPointerStackWithPolyMorphism.inl">
      <Filter>Sources\Modules\NEObject\NECollector\NEStack</Filter>
    </None>
    <None Include="..\..\..\Sources\Kernal\Sources\Modules\NEObject\NECollector\NEStack\NEStack.inl">
      <Filter>Sources\Modules\NEObject\NECollector\NEStack</Filter>
    </None>
    <None Include="..\..\..\Sources\Kernal\Sources\Modules\NEObject\NECollector\NEList\NEList.inl">
      <Filter>Sources\Modules\NEObject\NECollector\NEList</Filter>
    </None>
    <None Include="..\..\..\Sources\Kernal\Sources\Modules\NEObject\NECollector\NEList\NEPointerList.inl">
      <Filter>Sources\Modules\NEObject\NECollector\NEList</Filter>
    </None>
    <None Include="..\..\..\Sources\Kernal\Sources\Modules\NEObject\NECollector\NEList\NEPointerListWithPolyMorphism.inl">
      <Filter>Sources\Modules\NEObject\NECollector\NEList</Filter>
    </None>
    <None Include="..\..\..\Sources\Kernal\Sources\Modules\NEObject\NECollector\NEList\innerclass\PointerIterator\PointerIterator.inl">
      <Filter>Sources\Modules\NEObject\NECollector\NEList\innerclass\PointerIterator</Filter>
    </None>
    <None Include="..\..\..\Sources\Kernal\Sources\Modules\NEObject\NECollector\NEList\innerclass\Iterator\Iterator.inl">
      <Filter>Sources\Modules\NEObject\NECollector\NEList\innerclass\Iterator</Filter>
    </None>
    <None Include="..\..\..\Sources\Kernal\Sources\Modules\NEObject\NECollector\NEList\innerclass\PointerIteratorWithPolyMorphism\PointerIteratorWithPolyMorphism.inl">
      <Filter>Sources\Modules\NEObject\NECollector\NEList\innerclass\PointerIteratorWithPolyMorphism</Filter>
    </None>
    <None Include="..\..\..\Sources\Kernal\Sources\Modules\NEObject\NEKey\NEKeyTemplate\NEKeyTemplate.inl">
      <Filter>Sources\Modules\NEObject\NEKey\NEKeyTemplate</Filter>
    </None>
    <None Include="..\..\..\Sources\Kernal\Sources\Modules\NEObject\NEKey\NENodeSelectorInterface\NEModuleSelectorTemplate\NEModuleSelectorTemplate.inl">
      <Filter>Sources\Modules\NEObject\NEKey\NENodeSelectorInterface\NEModuleSelectorTemplate</Filter>
    </None>
    <None Include="..\..\..\Sources\Kernal\Sources\Modules\NEObject\NEKey\NENodeSelectorInterface\NEModuleSelectorTemplate\NEKeySelectorTemplate\NEKeySelectorTemplate.inl">
      <Filter>Sources\Modules\NEObject\NEKey\NENodeSelectorInterface\NEModuleSelectorTemplate\NEKeySelectorTemplate</Filter>
    </None>
  </ItemGroup>
  <ItemGroup>
    <ClCompile Include="..\..\..\Sources\Kernal\Sources\Modules\NEObject\NEObject.cpp">
      <Filter>Sources\Modules\NEObject</Filter>
    </ClCompile>
    <ClCompile Include="..\..\..\Sources\Kernal\Sources\Modules\NEObject\NECollector\NEStack\NEKeySet\NEKeySet.cpp">
      <Filter>Sources\Modules\NEObject\NECollector\NEStack\NEKeySet</Filter>
    </ClCompile>
    <ClCompile Include="..\..\..\Sources\Kernal\Sources\Modules\NEObject\NECollector\NEStack\NEModuleSet\NEModuleSet.cpp">
      <Filter>Sources\Modules\NEObject\NECollector\NEStack\NEModuleSet</Filter>
    </ClCompile>
    <ClCompile Include="..\..\..\Sources\Kernal\Sources\Modules\NEObject\NECollector\NEStack\NEModuleSet\NEManagedModuleSet\NEManagedModuleSet.cpp">
      <Filter>Sources\Modules\NEObject\NECollector\NEStack\NEModuleSet\NEManagedModuleSet</Filter>
    </ClCompile>
    <ClCompile Include="..\..\..\Sources\Kernal\Sources\Modules\NEObject\NECollector\NEStack\NENodeSet\NENodeSet.cpp">
      <Filter>Sources\Modules\NEObject\NECollector\NEStack\NENodeSet</Filter>
    </ClCompile>
    <ClCompile Include="..\..\..\Sources\Kernal\Sources\Modules\NEObject\NECollector\NEStack\NENodeSet\NEManagedNodeSet\NEManagedNodeSet.cpp">
      <Filter>Sources\Modules\NEObject\NECollector\NEStack\NENodeSet\NEManagedNodeSet</Filter>
    </ClCompile>
    <ClCompile Include="..\..\..\Sources\Kernal\Sources\Modules\NEObject\NECollector\NEStack\NEShortCutSet\NEShortCutSet.cpp">
      <Filter>Sources\Modules\NEObject\NECollector\NEStack\NEShortCutSet</Filter>
    </ClCompile>
    <ClCompile Include="..\..\..\Sources\Kernal\Sources\Modules\NEObject\NECollector\NEStack\NEWCharSet\NEWString\NEWString.cpp">
      <Filter>Sources\Modules\NEObject\NECollector\NEStack\NEWCharSet\NEWString</Filter>
    </ClCompile>
    <ClCompile Include="..\..\..\Sources\Kernal\Sources\Modules\NEObject\NECollector\NEStack\NECodeSet\NEModuleScriptCodeSet\NEModuleScriptCodeSet.cpp">
      <Filter>Sources\Modules\NEObject\NECollector\NEStack\NECodeSet\NEModuleScriptCodeSet</Filter>
    </ClCompile>
    <ClCompile Include="..\..\..\Sources\Kernal\Sources\Modules\NEObject\NECollector\NEStack\NECharSet\NEString\NEString.cpp">
      <Filter>Sources\Modules\NEObject\NECollector\NEStack\NECharSet\NEString</Filter>
    </ClCompile>
    <ClCompile Include="..\..\..\Sources\Kernal\Sources\Modules\NEObject\NECollector\NEList\NENodeList\NEEnrollableNodeList\NEEnrollableNodeList.cpp">
      <Filter>Sources\Modules\NEObject\NECollector\NEList\NENodeList\NEEnrollableNodeList</Filter>
    </ClCompile>
    <ClCompile Include="..\..\..\Sources\Kernal\Sources\Modules\NEObject\NECollector\NEList\NENodeList\NEEnrollableNodeList\NEManagedNodeList\NEManagedNodeList.cpp">
      <Filter>Sources\Modules\NEObject\NECollector\NEList\NENodeList\NEEnrollableNodeList\NEManagedNodeList</Filter>
    </ClCompile>
    <ClCompile Include="..\..\..\Sources\Kernal\Sources\Modules\NEObject\NEUnit\NEUnit.cpp">
      <Filter>Sources\Modules\NEObject\NEUnit</Filter>
    </ClCompile>
    <ClCompile Include="..\..\..\Sources\Kernal\Sources\Modules\NEObject\NEUnit\NENamedUnit\NENamedUnit.cpp">
      <Filter>Sources\Modules\NEObject\NEUnit\NENamedUnit</Filter>
    </ClCompile>
    <ClCompile Include="..\..\..\Sources\Kernal\Sources\Modules\NEObject\NEUnit\NENamedUnit\NENode\NENode.cpp">
      <Filter>Sources\Modules\NEObject\NEUnit\NENamedUnit\NENode</Filter>
    </ClCompile>
    <ClCompile Include="..\..\..\Sources\Kernal\Sources\Modules\NEObject\NEUnit\NENamedUnit\NEModule\NEModule.cpp">
      <Filter>Sources\Modules\NEObject\NEUnit\NENamedUnit\NEModule</Filter>
    </ClCompile>
    <ClCompile Include="..\..\..\Sources\Kernal\Sources\Modules\NEObject\NEUnit\NENamedUnit\NEModule\NEDebugManager\NEDebugManager.cpp">
      <Filter>Sources\Modules\NEObject\NEUnit\NENamedUnit\NEModule\NEDebugManager</Filter>
    </ClCompile>
    <ClCompile Include="..\..\..\Sources\Kernal\Sources\Modules\NEObject\NEUnit\NENamedUnit\NEModule\NEDebugManager\innerclass\Flag\Flag.cpp">
      <Filter>Sources\Modules\NEObject\NEUnit\NENamedUnit\NEModule\NEDebugManager\innerclass\Flag</Filter>
    </ClCompile>
    <ClCompile Include="..\..\..\Sources\Kernal\Sources\Modules\NEObject\NEUnit\NENamedUnit\NEModule\NEINIManager\NEINIManager.cpp">
      <Filter>Sources\Modules\NEObject\NEUnit\NENamedUnit\NEModule\NEINIManager</Filter>
    </ClCompile>
    <ClCompile Include="..\..\..\Sources\Kernal\Sources\Modules\NEObject\NEUnit\NENamedUnit\NEModule\NENodeManager\NENodeManager.cpp">
      <Filter>Sources\Modules\NEObject\NEUnit\NENamedUnit\NEModule\NENodeManager</Filter>
    </ClCompile>
    <ClCompile Include="..\..\..\Sources\Kernal\Sources\Modules\NEObject\NEUnit\NENamedUnit\NEModule\NENodeManager\innerclass\LocalStack\LocalStack.cpp">
      <Filter>Sources\Modules\NEObject\NEUnit\NENamedUnit\NEModule\NENodeManager\innerclass\LocalStack</Filter>
    </ClCompile>
    <ClCompile Include="..\..\..\Sources\Kernal\Sources\Modules\NEObject\NEUnit\NENamedUnit\NEModule\NEModuleManager\NEModuleManager.cpp">
      <Filter>Sources\Modules\NEObject\NEUnit\NENamedUnit\NEModule\NEModuleManager</Filter>
    </ClCompile>
    <ClCompile Include="..\..\..\Sources\Kernal\Sources\Modules\NEObject\NEUnit\NENamedUnit\NEModule\NEModuleManager\innerclass\DLLHeader\DLLHeader.cpp">
      <Filter>Sources\Modules\NEObject\NEUnit\NENamedUnit\NEModule\NEModuleManager\innerclass\DLLHeader</Filter>
    </ClCompile>
    <ClCompile Include="..\..\..\Sources\Kernal\Sources\Modules\NEObject\NEUnit\NENamedUnit\NEModule\NEScriptManager\NEScriptManager.cpp">
      <Filter>Sources\Modules\NEObject\NEUnit\NENamedUnit\NEModule\NEScriptManager</Filter>
    </ClCompile>
    <ClCompile Include="..\..\..\Sources\Kernal\Sources\Modules\NEObject\NEUnit\NENamedUnit\NEModule\NEScriptManager\innerclass\ScriptHeader\ScriptHeader.cpp">
      <Filter>Sources\Modules\NEObject\NEUnit\NENamedUnit\NEModule\NEScriptManager\innerclass\ScriptHeader</Filter>
    </ClCompile>
    <ClCompile Include="..\..\..\Sources\Kernal\Sources\Modules\NEObject\NEUnit\NENamedUnit\NEModule\innerclass\BaseConnector\BaseConnector.cpp">
      <Filter>Sources\Modules\NEObject\NEUnit\NENamedUnit\NEModule\innerclass\BaseConnector</Filter>
    </ClCompile>
    <ClCompile Include="..\..\..\Sources\Kernal\Sources\Modules\NEObject\NEUnit\NENamedUnit\NEModule\Kernal\Kernal.cpp">
      <Filter>Sources\Modules\NEObject\NEUnit\NENamedUnit\NEModule\Kernal</Filter>
    </ClCompile>
    <ClCompile Include="..\..\..\Sources\Kernal\Sources\Modules\NEObject\NEUnit\NENamedUnit\NEModule\Kernal\innerclass\Factory\Factory.cpp">
      <Filter>Sources\Modules\NEObject\NEUnit\NENamedUnit\NEModule\Kernal\innerclass\Factory</Filter>
    </ClCompile>
    <ClCompile Include="..\..\..\Sources\Kernal\Sources\Modules\NEObject\NEUnit\NENamedUnit\NEModule\Kernal\innerclass\Settings\Settings.cpp">
      <Filter>Sources\Modules\NEObject\NEUnit\NENamedUnit\NEModule\Kernal\innerclass\Settings</Filter>
    </ClCompile>
    <ClCompile Include="..\..\..\Sources\Kernal\Sources\Modules\NEObject\NEUnit\NENamedUnit\NEModule\Kernal\innerclass\Settings\ModifiableSettings\ModifiableSettings.cpp">
      <Filter>Sources\Modules\NEObject\NEUnit\NENamedUnit\NEModule\Kernal\innerclass\Settings\ModifiableSettings</Filter>
    </ClCompile>
    <ClCompile Include="..\..\..\Sources\Kernal\Sources\Modules\NEObject\NEKey\NEKey.cpp">
      <Filter>Sources\Modules\NEObject\NEKey</Filter>
    </ClCompile>
    <ClCompile Include="..\..\..\Sources\Kernal\Sources\Modules\NEObject\NEKey\NEKeyTemplate\NEKeyTemplate.cpp">
      <Filter>Sources\Modules\NEObject\NEKey\NEKeyTemplate</Filter>
    </ClCompile>
    <ClCompile Include="..\..\..\Sources\Kernal\Sources\Modules\NEObject\NEKey\NENodeSelectorInterface\NENodeSelectorInterface.cpp">
      <Filter>Sources\Modules\NEObject\NEKey\NENodeSelectorInterface</Filter>
    </ClCompile>
    <ClCompile Include="..\..\..\Sources\Kernal\Sources\Modules\NEObject\NEKey\NENodeSelectorInterface\NENodeSelectorBase\NENodeSelectorBase.cpp">
      <Filter>Sources\Modules\NEObject\NEKey\NENodeSelectorInterface\NENodeSelectorBase</Filter>
    </ClCompile>
    <ClCompile Include="..\..\..\Sources\Kernal\Sources\Modules\NEObject\NEKey\NENodeSelectorInterface\NENodeSelectorBase\NENodeSelector\NENodeSelector.cpp">
      <Filter>Sources\Modules\NEObject\NEKey\NENodeSelectorInterface\NENodeSelectorBase\NENodeSelector</Filter>
    </ClCompile>
    <ClCompile Include="..\..\..\Sources\Kernal\Sources\Commons\Units\NEModuleDepthUnit\NEModuleDepthUnit.cpp">
      <Filter>Sources\Commons\Units\NEModuleDepthUnit</Filter>
    </ClCompile>
    <ClCompile Include="..\..\..\Sources\Kernal\Sources\Commons\Functions\NEBinaryTemplates\NEBinaryLoaderTemplates\NEBinaryLoaderTemplates.cpp">
      <Filter>Sources\Commons\Functions\NEBinaryTemplates\NEBinaryLoaderTemplates</Filter>
    </ClCompile>
    <ClCompile Include="..\..\..\Sources\Kernal\Sources\Commons\Functions\NEBinaryTemplates\NEBinarySaverTemplates\NEBinarySaverTemplates.cpp">
      <Filter>Sources\Commons\Functions\NEBinaryTemplates\NEBinarySaverTemplates</Filter>
    </ClCompile>
    <ClCompile Include="..\..\..\Sources\Kernal\Sources\Commons\Functions\NEResult\NEResult.cpp">
      <Filter>Sources\Commons\Functions\NEResult</Filter>
    </ClCompile>
    <ClCompile Include="..\..\..\Sources\Kernal\Sources\Commons\Interfaces\NEInitializable\NEExportable\NEExportable.cpp">
      <Filter>Sources\Commons\Interfaces\NEInitializable\NEExportable</Filter>
    </ClCompile>
    <ClCompile Include="..\..\..\Sources\Kernal\Sources\Commons\Interfaces\NEInitializable\NEExportable\innerclass\Identifier\Identifier.cpp">
      <Filter>Sources\Commons\Interfaces\NEInitializable\NEExportable\innerclass\Identifier</Filter>
    </ClCompile>
    <ClCompile Include="..\..\..\Sources\Kernal\Sources\Commons\Interfaces\NEInitializable\NEExportable\innerclass\Identifier\Header\Header.cpp">
      <Filter>Sources\Commons\Interfaces\NEInitializable\NEExportable\innerclass\Identifier\Header</Filter>
    </ClCompile>
    <ClCompile Include="..\..\..\Sources\Kernal\Sources\Commons\Interfaces\NEInitializable\NEExportable\innerclass\Identifier\Header\ModuleHeader\ModuleHeader.cpp">
      <Filter>Sources\Commons\Interfaces\NEInitializable\NEExportable\innerclass\Identifier\Header\ModuleHeader</Filter>
    </ClCompile>
    <ClCompile Include="..\..\..\Sources\Kernal\Sources\Commons\Enums\NEType\NEType.cpp">
      <Filter>Sources\Commons\Enums\NEType</Filter>
    </ClCompile>
    <ClCompile Include="..\..\..\Sources\Kernal\Sources\EntryPoints\main.cpp">
      <Filter>Sources\EntryPoints</Filter>
    </ClCompile>
    <ClCompile Include="..\..\..\Sources\Kernal\Sources\Modules\NEObject\NEUnit\NENamedUnit\NEModule\NEDebugManager\innerclass\FlagSet\FlagSet.cpp">
      <Filter>Sources\Modules\NEObject\NEUnit\NENamedUnit\NEModule\NEDebugManager\innerclass\FlagSet</Filter>
    </ClCompile>
  </ItemGroup>
  <ItemGroup>
    <ClInclude Include="..\..\..\Sources\Kernal\Sources\Modules\NEObject\NEObject.hpp">
      <Filter>Sources\Modules\NEObject</Filter>
    </ClInclude>
    <ClInclude Include="..\..\..\Sources\Kernal\Sources\Modules\NEObject\NECollector\NECollector.hpp">
      <Filter>Sources\Modules\NEObject\NECollector</Filter>
    </ClInclude>
    <ClInclude Include="..\..\..\Sources\Kernal\Sources\Modules\NEObject\NECollector\NEPointerCollector.hpp">
      <Filter>Sources\Modules\NEObject\NECollector</Filter>
    </ClInclude>
    <ClInclude Include="..\..\..\Sources\Kernal\Sources\Modules\NEObject\NECollector\NEStack\NEPointerStack.hpp">
      <Filter>Sources\Modules\NEObject\NECollector\NEStack</Filter>
    </ClInclude>
    <ClInclude Include="..\..\..\Sources\Kernal\Sources\Modules\NEObject\NECollector\NEStack\NEPointerStackWithPolyMorphism.hpp">
      <Filter>Sources\Modules\NEObject\NECollector\NEStack</Filter>
    </ClInclude>
    <ClInclude Include="..\..\..\Sources\Kernal\Sources\Modules\NEObject\NECollector\NEStack\NEStack.hpp">
      <Filter>Sources\Modules\NEObject\NECollector\NEStack</Filter>
    </ClInclude>
    <ClInclude Include="..\..\..\Sources\Kernal\Sources\Modules\NEObject\NECollector\NEStack\NEKeySet\NEKeySet.hpp">
      <Filter>Sources\Modules\NEObject\NECollector\NEStack\NEKeySet</Filter>
    </ClInclude>
    <ClInclude Include="..\..\..\Sources\Kernal\Sources\Modules\NEObject\NECollector\NEStack\NEModuleSet\NEModuleSet.hpp">
      <Filter>Sources\Modules\NEObject\NECollector\NEStack\NEModuleSet</Filter>
    </ClInclude>
    <ClInclude Include="..\..\..\Sources\Kernal\Sources\Modules\NEObject\NECollector\NEStack\NEModuleSet\NEManagedModuleSet\NEManagedModuleSet.hpp">
      <Filter>Sources\Modules\NEObject\NECollector\NEStack\NEModuleSet\NEManagedModuleSet</Filter>
    </ClInclude>
    <ClInclude Include="..\..\..\Sources\Kernal\Sources\Modules\NEObject\NECollector\NEStack\NENodeSet\NENodeSet.hpp">
      <Filter>Sources\Modules\NEObject\NECollector\NEStack\NENodeSet</Filter>
    </ClInclude>
    <ClInclude Include="..\..\..\Sources\Kernal\Sources\Modules\NEObject\NECollector\NEStack\NENodeSet\NEManagedNodeSet\NEManagedNodeSet.hpp">
      <Filter>Sources\Modules\NEObject\NECollector\NEStack\NENodeSet\NEManagedNodeSet</Filter>
    </ClInclude>
    <ClInclude Include="..\..\..\Sources\Kernal\Sources\Modules\NEObject\NECollector\NEStack\NEUByteSet\NEUByteSet.hpp">
      <Filter>Sources\Modules\NEObject\NECollector\NEStack\NEUByteSet</Filter>
    </ClInclude>
    <ClInclude Include="..\..\..\Sources\Kernal\Sources\Modules\NEObject\NECollector\NEStack\NEUIntSet\NEUIntSet.hpp">
      <Filter>Sources\Modules\NEObject\NECollector\NEStack\NEUIntSet</Filter>
    </ClInclude>
    <ClInclude Include="..\..\..\Sources\Kernal\Sources\Modules\NEObject\NECollector\NEStack\NEShortCutSet\NEShortCutSet.hpp">
      <Filter>Sources\Modules\NEObject\NECollector\NEStack\NEShortCutSet</Filter>
    </ClInclude>
    <ClInclude Include="..\..\..\Sources\Kernal\Sources\Modules\NEObject\NECollector\NEStack\NEBooleanSet\NEBooleanSet.hpp">
      <Filter>Sources\Modules\NEObject\NECollector\NEStack\NEBooleanSet</Filter>
    </ClInclude>
    <ClInclude Include="..\..\..\Sources\Kernal\Sources\Modules\NEObject\NECollector\NEStack\NEShortSet\NEShortSet.hpp">
      <Filter>Sources\Modules\NEObject\NECollector\NEStack\NEShortSet</Filter>
    </ClInclude>
    <ClInclude Include="..\..\..\Sources\Kernal\Sources\Modules\NEObject\NECollector\NEStack\NEFloatSet\NEFloatSet.hpp">
      <Filter>Sources\Modules\NEObject\NECollector\NEStack\NEFloatSet</Filter>
    </ClInclude>
    <ClInclude Include="..\..\..\Sources\Kernal\Sources\Modules\NEObject\NECollector\NEStack\NEDoubleSet\NEDoubleSet.hpp">
      <Filter>Sources\Modules\NEObject\NECollector\NEStack\NEDoubleSet</Filter>
    </ClInclude>
    <ClInclude Include="..\..\..\Sources\Kernal\Sources\Modules\NEObject\NECollector\NEStack\NEByteSet\NEByteSet.hpp">
      <Filter>Sources\Modules\NEObject\NECollector\NEStack\NEByteSet</Filter>
    </ClInclude>
    <ClInclude Include="..\..\..\Sources\Kernal\Sources\Modules\NEObject\NECollector\NEStack\NEWCharSet\NEWCharSet.hpp">
      <Filter>Sources\Modules\NEObject\NECollector\NEStack\NEWCharSet</Filter>
    </ClInclude>
    <ClInclude Include="..\..\..\Sources\Kernal\Sources\Modules\NEObject\NECollector\NEStack\NEWCharSet\NEWString\NEWString.hpp">
      <Filter>Sources\Modules\NEObject\NECollector\NEStack\NEWCharSet\NEWString</Filter>
    </ClInclude>
    <ClInclude Include="..\..\..\Sources\Kernal\Sources\Modules\NEObject\NECollector\NEStack\NEInt64Set\NEInt64Set.hpp">
      <Filter>Sources\Modules\NEObject\NECollector\NEStack\NEInt64Set</Filter>
    </ClInclude>
    <ClInclude Include="..\..\..\Sources\Kernal\Sources\Modules\NEObject\NECollector\NEStack\NEIntSet\NEIntSet.hpp">
      <Filter>Sources\Modules\NEObject\NECollector\NEStack\NEIntSet</Filter>
    </ClInclude>
    <ClInclude Include="..\..\..\Sources\Kernal\Sources\Modules\NEObject\NECollector\NEStack\NECodeSet\NECodeSet.hpp">
      <Filter>Sources\Modules\NEObject\NECollector\NEStack\NECodeSet</Filter>
    </ClInclude>
    <ClInclude Include="..\..\..\Sources\Kernal\Sources\Modules\NEObject\NECollector\NEStack\NECodeSet\NEModuleScriptCodeSet\NEModuleScriptCodeSet.hpp">
      <Filter>Sources\Modules\NEObject\NECollector\NEStack\NECodeSet\NEModuleScriptCodeSet</Filter>
    </ClInclude>
    <ClInclude Include="..\..\..\Sources\Kernal\Sources\Modules\NEObject\NECollector\NEStack\NECharSet\NECharSet.hpp">
      <Filter>Sources\Modules\NEObject\NECollector\NEStack\NECharSet</Filter>
    </ClInclude>
    <ClInclude Include="..\..\..\Sources\Kernal\Sources\Modules\NEObject\NECollector\NEStack\NECharSet\NEString\NEString.hpp">
      <Filter>Sources\Modules\NEObject\NECollector\NEStack\NECharSet\NEString</Filter>
    </ClInclude>
    <ClInclude Include="..\..\..\Sources\Kernal\Sources\Modules\NEObject\NECollector\NEStack\NEUShortSet\NEUShortSet.hpp">
      <Filter>Sources\Modules\NEObject\NECollector\NEStack\NEUShortSet</Filter>
    </ClInclude>
    <ClInclude Include="..\..\..\Sources\Kernal\Sources\Modules\NEObject\NECollector\NEStack\NENodeIdSet\NENodeIdSet.hpp">
      <Filter>Sources\Modules\NEObject\NECollector\NEStack\NENodeIdSet</Filter>
    </ClInclude>
    <ClInclude Include="..\..\..\Sources\Kernal\Sources\Modules\NEObject\NECollector\NEList\NEList.hpp">
      <Filter>Sources\Modules\NEObject\NECollector\NEList</Filter>
    </ClInclude>
    <ClInclude Include="..\..\..\Sources\Kernal\Sources\Modules\NEObject\NECollector\NEList\NEPointerList.hpp">
      <Filter>Sources\Modules\NEObject\NECollector\NEList</Filter>
    </ClInclude>
    <ClInclude Include="..\..\..\Sources\Kernal\Sources\Modules\NEObject\NECollector\NEList\NEPointerListWithPolyMorphism.hpp">
      <Filter>Sources\Modules\NEObject\NECollector\NEList</Filter>
    </ClInclude>
    <ClInclude Include="..\..\..\Sources\Kernal\Sources\Modules\NEObject\NECollector\NEList\innerclass\PointerIterator\PointerIterator.hpp">
      <Filter>Sources\Modules\NEObject\NECollector\NEList\innerclass\PointerIterator</Filter>
    </ClInclude>
    <ClInclude Include="..\..\..\Sources\Kernal\Sources\Modules\NEObject\NECollector\NEList\innerclass\Iterator\Iterator.hpp">
      <Filter>Sources\Modules\NEObject\NECollector\NEList\innerclass\Iterator</Filter>
    </ClInclude>
    <ClInclude Include="..\..\..\Sources\Kernal\Sources\Modules\NEObject\NECollector\NEList\innerclass\PointerIteratorWithPolyMorphism\PointerIteratorWithPolyMorphism.hpp">
      <Filter>Sources\Modules\NEObject\NECollector\NEList\innerclass\PointerIteratorWithPolyMorphism</Filter>
    </ClInclude>
    <ClInclude Include="..\..\..\Sources\Kernal\Sources\Modules\NEObject\NECollector\NEList\NEModuleList\NEModuleList.hpp">
      <Filter>Sources\Modules\NEObject\NECollector\NEList\NEModuleList</Filter>
    </ClInclude>
    <ClInclude Include="..\..\..\Sources\Kernal\Sources\Modules\NEObject\NECollector\NEList\NENodeList\NENodeList.hpp">
      <Filter>Sources\Modules\NEObject\NECollector\NEList\NENodeList</Filter>
    </ClInclude>
    <ClInclude Include="..\..\..\Sources\Kernal\Sources\Modules\NEObject\NECollector\NEList\NENodeList\NEEnrollableNodeList\NEEnrollableNodeList.hpp">
      <Filter>Sources\Modules\NEObject\NECollector\NEList\NENodeList\NEEnrollableNodeList</Filter>
    </ClInclude>
    <ClInclude Include="..\..\..\Sources\Kernal\Sources\Modules\NEObject\NECollector\NEList\NENodeList\NEEnrollableNodeList\NEManagedNodeList\NEManagedNodeList.hpp">
      <Filter>Sources\Modules\NEObject\NECollector\NEList\NENodeList\NEEnrollableNodeList\NEManagedNodeList</Filter>
    </ClInclude>
    <ClInclude Include="..\..\..\Sources\Kernal\Sources\Modules\NEObject\NECollector\NEList\NEShortCut\NEShortCut.hpp">
      <Filter>Sources\Modules\NEObject\NECollector\NEList\NEShortCut</Filter>
    </ClInclude>
    <ClInclude Include="..\..\..\Sources\Kernal\Sources\Modules\NEObject\NECollector\NEList\NEStringList\NEStringList.hpp">
      <Filter>Sources\Modules\NEObject\NECollector\NEList\NEStringList</Filter>
    </ClInclude>
    <ClInclude Include="..\..\..\Sources\Kernal\Sources\Modules\NEObject\NECollector\NEList\NEWStringList\NEWStringList.hpp">
      <Filter>Sources\Modules\NEObject\NECollector\NEList\NEWStringList</Filter>
    </ClInclude>
    <ClInclude Include="..\..\..\Sources\Kernal\Sources\Modules\NEObject\NECollector\NEList\NEModuleDepthList\NEModuleDepthList.hpp">
      <Filter>Sources\Modules\NEObject\NECollector\NEList\NEModuleDepthList</Filter>
    </ClInclude>
    <ClInclude Include="..\..\..\Sources\Kernal\Sources\Modules\NEObject\NEUnit\NEUnit.hpp">
      <Filter>Sources\Modules\NEObject\NEUnit</Filter>
    </ClInclude>
    <ClInclude Include="..\..\..\Sources\Kernal\Sources\Modules\NEObject\NEUnit\NENamedUnit\NENamedUnit.hpp">
      <Filter>Sources\Modules\NEObject\NEUnit\NENamedUnit</Filter>
    </ClInclude>
    <ClInclude Include="..\..\..\Sources\Kernal\Sources\Modules\NEObject\NEUnit\NENamedUnit\NENode\NENode.hpp">
      <Filter>Sources\Modules\NEObject\NEUnit\NENamedUnit\NENode</Filter>
    </ClInclude>
    <ClInclude Include="..\..\..\Sources\Kernal\Sources\Modules\NEObject\NEUnit\NENamedUnit\NEModule\NEModule.hpp">
      <Filter>Sources\Modules\NEObject\NEUnit\NENamedUnit\NEModule</Filter>
    </ClInclude>
    <ClInclude Include="..\..\..\Sources\Kernal\Sources\Modules\NEObject\NEUnit\NENamedUnit\NEModule\NEDebugManager\NEDebugManager.hpp">
      <Filter>Sources\Modules\NEObject\NEUnit\NENamedUnit\NEModule\NEDebugManager</Filter>
    </ClInclude>
    <ClInclude Include="..\..\..\Sources\Kernal\Sources\Modules\NEObject\NEUnit\NENamedUnit\NEModule\NEDebugManager\innerclass\DebugMacro\DebugMacro.hpp">
      <Filter>Sources\Modules\NEObject\NEUnit\NENamedUnit\NEModule\NEDebugManager\innerclass\DebugMacro</Filter>
    </ClInclude>
    <ClInclude Include="..\..\..\Sources\Kernal\Sources\Modules\NEObject\NEUnit\NENamedUnit\NEModule\NEDebugManager\innerclass\FlagSet\FlagSet.hpp">
      <Filter>Sources\Modules\NEObject\NEUnit\NENamedUnit\NEModule\NEDebugManager\innerclass\FlagSet</Filter>
    </ClInclude>
    <ClInclude Include="..\..\..\Sources\Kernal\Sources\Modules\NEObject\NEUnit\NENamedUnit\NEModule\NEDebugManager\innerclass\Flag\Flag.hpp">
      <Filter>Sources\Modules\NEObject\NEUnit\NENamedUnit\NEModule\NEDebugManager\innerclass\Flag</Filter>
    </ClInclude>
    <ClInclude Include="..\..\..\Sources\Kernal\Sources\Modules\NEObject\NEUnit\NENamedUnit\NEModule\NEDebugManager\innerclass\ErrorCode\ErrorCode.hpp">
      <Filter>Sources\Modules\NEObject\NEUnit\NENamedUnit\NEModule\NEDebugManager\innerclass\ErrorCode</Filter>
    </ClInclude>
    <ClInclude Include="..\..\..\Sources\Kernal\Sources\Modules\NEObject\NEUnit\NENamedUnit\NEModule\NEDebugManager\define\define.hpp">
      <Filter>Sources\Modules\NEObject\NEUnit\NENamedUnit\NEModule\NEDebugManager\define</Filter>
    </ClInclude>
    <ClInclude Include="..\..\..\Sources\Kernal\Sources\Modules\NEObject\NEUnit\NENamedUnit\NEModule\NEINIManager\NEINIManager.hpp">
      <Filter>Sources\Modules\NEObject\NEUnit\NENamedUnit\NEModule\NEINIManager</Filter>
    </ClInclude>
    <ClInclude Include="..\..\..\Sources\Kernal\Sources\Modules\NEObject\NEUnit\NENamedUnit\NEModule\NEINIManager\define\define.hpp">
      <Filter>Sources\Modules\NEObject\NEUnit\NENamedUnit\NEModule\NEINIManager\define</Filter>
    </ClInclude>
    <ClInclude Include="..\..\..\Sources\Kernal\Sources\Modules\NEObject\NEUnit\NENamedUnit\NEModule\NEINIManager\innerclass\ErrorCode\ErrorCode.hpp">
      <Filter>Sources\Modules\NEObject\NEUnit\NENamedUnit\NEModule\NEINIManager\innerclass\ErrorCode</Filter>
    </ClInclude>
    <ClInclude Include="..\..\..\Sources\Kernal\Sources\Modules\NEObject\NEUnit\NENamedUnit\NEModule\NENodeManager\NENodeManager.hpp">
      <Filter>Sources\Modules\NEObject\NEUnit\NENamedUnit\NEModule\NENodeManager</Filter>
    </ClInclude>
    <ClInclude Include="..\..\..\Sources\Kernal\Sources\Modules\NEObject\NEUnit\NENamedUnit\NEModule\NENodeManager\innerclass\LocalStack\LocalStack.hpp">
      <Filter>Sources\Modules\NEObject\NEUnit\NENamedUnit\NEModule\NENodeManager\innerclass\LocalStack</Filter>
    </ClInclude>
    <ClInclude Include="..\..\..\Sources\Kernal\Sources\Modules\NEObject\NEUnit\NENamedUnit\NEModule\NEModuleManager\NEModuleManager.hpp">
      <Filter>Sources\Modules\NEObject\NEUnit\NENamedUnit\NEModule\NEModuleManager</Filter>
    </ClInclude>
    <ClInclude Include="..\..\..\Sources\Kernal\Sources\Modules\NEObject\NEUnit\NENamedUnit\NEModule\NEModuleManager\define\define.hpp">
      <Filter>Sources\Modules\NEObject\NEUnit\NENamedUnit\NEModule\NEModuleManager\define</Filter>
    </ClInclude>
    <ClInclude Include="..\..\..\Sources\Kernal\Sources\Modules\NEObject\NEUnit\NENamedUnit\NEModule\NEModuleManager\innerclass\ErrorCode\ErrorCode.hpp">
      <Filter>Sources\Modules\NEObject\NEUnit\NENamedUnit\NEModule\NEModuleManager\innerclass\ErrorCode</Filter>
    </ClInclude>
    <ClInclude Include="..\..\..\Sources\Kernal\Sources\Modules\NEObject\NEUnit\NENamedUnit\NEModule\NEModuleManager\innerclass\DLLHeader\DLLHeader.hpp">
      <Filter>Sources\Modules\NEObject\NEUnit\NENamedUnit\NEModule\NEModuleManager\innerclass\DLLHeader</Filter>
    </ClInclude>
    <ClInclude Include="..\..\..\Sources\Kernal\Sources\Modules\NEObject\NEUnit\NENamedUnit\NEModule\NEScriptManager\NEScriptManager.hpp">
      <Filter>Sources\Modules\NEObject\NEUnit\NENamedUnit\NEModule\NEScriptManager</Filter>
    </ClInclude>
    <ClInclude Include="..\..\..\Sources\Kernal\Sources\Modules\NEObject\NEUnit\NENamedUnit\NEModule\NEScriptManager\innerclass\ScriptHeader\ScriptHeader.hpp">
      <Filter>Sources\Modules\NEObject\NEUnit\NENamedUnit\NEModule\NEScriptManager\innerclass\ScriptHeader</Filter>
    </ClInclude>
    <ClInclude Include="..\..\..\Sources\Kernal\Sources\Modules\NEObject\NEUnit\NENamedUnit\NEModule\innerclass\BaseConnector\BaseConnector.hpp">
      <Filter>Sources\Modules\NEObject\NEUnit\NENamedUnit\NEModule\innerclass\BaseConnector</Filter>
    </ClInclude>
    <ClInclude Include="..\..\..\Sources\Kernal\Sources\Modules\NEObject\NEUnit\NENamedUnit\NEModule\Kernal\Kernal.hpp">
      <Filter>Sources\Modules\NEObject\NEUnit\NENamedUnit\NEModule\Kernal</Filter>
    </ClInclude>
    <ClInclude Include="..\..\..\Sources\Kernal\Sources\Modules\NEObject\NEUnit\NENamedUnit\NEModule\Kernal\define\define.hpp">
      <Filter>Sources\Modules\NEObject\NEUnit\NENamedUnit\NEModule\Kernal\define</Filter>
    </ClInclude>
    <ClInclude Include="..\..\..\Sources\Kernal\Sources\Modules\NEObject\NEUnit\NENamedUnit\NEModule\Kernal\innerclass\ErrorCode\ErrorCode.hpp">
      <Filter>Sources\Modules\NEObject\NEUnit\NENamedUnit\NEModule\Kernal\innerclass\ErrorCode</Filter>
    </ClInclude>
    <ClInclude Include="..\..\..\Sources\Kernal\Sources\Modules\NEObject\NEUnit\NENamedUnit\NEModule\Kernal\innerclass\Factory\Factory.hpp">
      <Filter>Sources\Modules\NEObject\NEUnit\NENamedUnit\NEModule\Kernal\innerclass\Factory</Filter>
    </ClInclude>
    <ClInclude Include="..\..\..\Sources\Kernal\Sources\Modules\NEObject\NEUnit\NENamedUnit\NEModule\Kernal\innerclass\Settings\Settings.hpp">
      <Filter>Sources\Modules\NEObject\NEUnit\NENamedUnit\NEModule\Kernal\innerclass\Settings</Filter>
    </ClInclude>
    <ClInclude Include="..\..\..\Sources\Kernal\Sources\Modules\NEObject\NEUnit\NENamedUnit\NEModule\Kernal\innerclass\Settings\ModifiableSettings\ModifiableSettings.hpp">
      <Filter>Sources\Modules\NEObject\NEUnit\NENamedUnit\NEModule\Kernal\innerclass\Settings\ModifiableSettings</Filter>
    </ClInclude>
    <ClInclude Include="..\..\..\Sources\Kernal\Sources\Modules\NEObject\NEKey\NEKey.hpp">
      <Filter>Sources\Modules\NEObject\NEKey</Filter>
    </ClInclude>
    <ClInclude Include="..\..\..\Sources\Kernal\Sources\Modules\NEObject\NEKey\NEKeyTemplate\NEKeyTemplate.hpp">
      <Filter>Sources\Modules\NEObject\NEKey\NEKeyTemplate</Filter>
    </ClInclude>
    <ClInclude Include="..\..\..\Sources\Kernal\Sources\Modules\NEObject\NEKey\NEKeyTemplate\Templates\Templates.hpp">
      <Filter>Sources\Modules\NEObject\NEKey\NEKeyTemplate\Templates</Filter>
    </ClInclude>
    <ClInclude Include="..\..\..\Sources\Kernal\Sources\Modules\NEObject\NEKey\NENodeSelectorInterface\NENodeSelectorInterface.hpp">
      <Filter>Sources\Modules\NEObject\NEKey\NENodeSelectorInterface</Filter>
    </ClInclude>
    <ClInclude Include="..\..\..\Sources\Kernal\Sources\Modules\NEObject\NEKey\NENodeSelectorInterface\NENodeSelectorBase\NENodeSelectorBase.hpp">
      <Filter>Sources\Modules\NEObject\NEKey\NENodeSelectorInterface\NENodeSelectorBase</Filter>
    </ClInclude>
    <ClInclude Include="..\..\..\Sources\Kernal\Sources\Modules\NEObject\NEKey\NENodeSelectorInterface\NENodeSelectorBase\NENodeSelector\NENodeSelector.hpp">
      <Filter>Sources\Modules\NEObject\NEKey\NENodeSelectorInterface\NENodeSelectorBase\NENodeSelector</Filter>
    </ClInclude>
    <ClInclude Include="..\..\..\Sources\Kernal\Sources\Modules\NEObject\NEKey\NENodeSelectorInterface\NEModuleSelectorTemplate\NEModuleSelectorTemplate.hpp">
      <Filter>Sources\Modules\NEObject\NEKey\NENodeSelectorInterface\NEModuleSelectorTemplate</Filter>
    </ClInclude>
    <ClInclude Include="..\..\..\Sources\Kernal\Sources\Modules\NEObject\NEKey\NENodeSelectorInterface\NEModuleSelectorTemplate\Templates\Templates.hpp">
      <Filter>Sources\Modules\NEObject\NEKey\NENodeSelectorInterface\NEModuleSelectorTemplate\Templates</Filter>
    </ClInclude>
    <ClInclude Include="..\..\..\Sources\Kernal\Sources\Modules\NEObject\NEKey\NENodeSelectorInterface\NEModuleSelectorTemplate\NEKeySelectorTemplate\NEKeySelectorTemplate.hpp">
      <Filter>Sources\Modules\NEObject\NEKey\NENodeSelectorInterface\NEModuleSelectorTemplate\NEKeySelectorTemplate</Filter>
    </ClInclude>
    <ClInclude Include="..\..\..\Sources\Kernal\Sources\Modules\NEObject\NEKey\NENodeSelectorInterface\NEModuleSelectorTemplate\NEKeySelectorTemplate\Templates\Templates.hpp">
      <Filter>Sources\Modules\NEObject\NEKey\NENodeSelectorInterface\NEModuleSelectorTemplate\NEKeySelectorTemplate\Templates</Filter>
    </ClInclude>
    <ClInclude Include="..\..\..\Sources\Kernal\Sources\Commons\Units\NEModuleDepthUnit\NEModuleDepthUnit.hpp">
      <Filter>Sources\Commons\Units\NEModuleDepthUnit</Filter>
    </ClInclude>
    <ClInclude Include="..\..\..\Sources\Kernal\Sources\Commons\Functions\NEBinaryTemplates\NEBinaryLoaderTemplates\NEBinaryLoaderTemplates.hpp">
      <Filter>Sources\Commons\Functions\NEBinaryTemplates\NEBinaryLoaderTemplates</Filter>
    </ClInclude>
    <ClInclude Include="..\..\..\Sources\Kernal\Sources\Commons\Functions\NEBinaryTemplates\NEBinarySaverTemplates\NEBinarySaverTemplates.hpp">
      <Filter>Sources\Commons\Functions\NEBinaryTemplates\NEBinarySaverTemplates</Filter>
    </ClInclude>
    <ClInclude Include="..\..\..\Sources\Kernal\Sources\Commons\Functions\NEResult\NEResult.hpp">
      <Filter>Sources\Commons\Functions\NEResult</Filter>
    </ClInclude>
    <ClInclude Include="..\..\..\Sources\Kernal\Sources\Commons\Functions\NEResult\define\define.hpp">
      <Filter>Sources\Commons\Functions\NEResult\define</Filter>
    </ClInclude>
    <ClInclude Include="..\..\..\Sources\Kernal\Sources\Commons\Functions\NEResult\innerclass\Level\Level.hpp">
      <Filter>Sources\Commons\Functions\NEResult\innerclass\Level</Filter>
    </ClInclude>
    <ClInclude Include="..\..\..\Sources\Kernal\Sources\Commons\Functions\NETemplateChecker\NETemplateChecker.hpp">
      <Filter>Sources\Commons\Functions\NETemplateChecker</Filter>
    </ClInclude>
    <ClInclude Include="..\..\..\Sources\Kernal\Sources\Commons\Interfaces\NEInitializable\NEInitializable.hpp">
      <Filter>Sources\Commons\Interfaces\NEInitializable</Filter>
    </ClInclude>
    <ClInclude Include="..\..\..\Sources\Kernal\Sources\Commons\Interfaces\NEInitializable\NEExportable\NEExportable.hpp">
      <Filter>Sources\Commons\Interfaces\NEInitializable\NEExportable</Filter>
    </ClInclude>
    <ClInclude Include="..\..\..\Sources\Kernal\Sources\Commons\Interfaces\NEInitializable\NEExportable\innerclass\Identifier\Identifier.hpp">
      <Filter>Sources\Commons\Interfaces\NEInitializable\NEExportable\innerclass\Identifier</Filter>
    </ClInclude>
    <ClInclude Include="..\..\..\Sources\Kernal\Sources\Commons\Interfaces\NEInitializable\NEExportable\innerclass\Identifier\Header\Header.hpp">
      <Filter>Sources\Commons\Interfaces\NEInitializable\NEExportable\innerclass\Identifier\Header</Filter>
    </ClInclude>
    <ClInclude Include="..\..\..\Sources\Kernal\Sources\Commons\Interfaces\NEInitializable\NEExportable\innerclass\Identifier\Header\ModuleHeader\ModuleHeader.hpp">
      <Filter>Sources\Commons\Interfaces\NEInitializable\NEExportable\innerclass\Identifier\Header\ModuleHeader</Filter>
    </ClInclude>
    <ClInclude Include="..\..\..\Sources\Kernal\Sources\Commons\Interfaces\NEEnrollable\NEEnrollable.hpp">
      <Filter>Sources\Commons\Interfaces\NEEnrollable</Filter>
    </ClInclude>
    <ClInclude Include="..\..\..\Sources\Kernal\Sources\Commons\Interfaces\NEBeManaged\NEBeManaged.hpp">
      <Filter>Sources\Commons\Interfaces\NEBeManaged</Filter>
    </ClInclude>
    <ClInclude Include="..\..\..\Sources\Kernal\Sources\Commons\Enums\NEType\NEType.hpp">
      <Filter>Sources\Commons\Enums\NEType</Filter>
    </ClInclude>
    <ClInclude Include="..\..\..\Sources\Kernal\Sources\Commons\Enums\CodeType\CodeType.hpp">
      <Filter>Sources\Commons\Enums\CodeType</Filter>
    </ClInclude>
    <ClInclude Include="..\..\..\Sources\Kernal\Sources\Commons\Typedefs\NETString\NETString.hpp">
      <Filter>Sources\Commons\Typedefs\NETString</Filter>
    </ClInclude>
    <ClInclude Include="..\..\..\Sources\Kernal\Sources\Includes\IncludeFileAccess.hpp">
      <Filter>Sources\Includes</Filter>
    </ClInclude>
    <ClInclude Include="..\..\..\Sources\Kernal\Sources\EntryPoints\header.hpp">
      <Filter>Sources\EntryPoints</Filter>
    </ClInclude>
  </ItemGroup>
</Project>