<?xml version="1.0" encoding="utf-8"?>
<Project ToolsVersion="4.0" xmlns="http://schemas.microsoft.com/developer/msbuild/2003">
  <ItemGroup>
    <Filter Include="Sources">
      <UniqueIdentifier>{13a3126c-b965-47ce-abf7-665f575bde10}</UniqueIdentifier>
    </Filter>
    <Filter Include="Sources\Commons">
      <UniqueIdentifier>{bdd6d061-f5ef-4b3f-a88e-b537da2e6d66}</UniqueIdentifier>
    </Filter>
    <Filter Include="Sources\Includes">
      <UniqueIdentifier>{91ad725f-32bf-45c2-9bff-ad1378e25c76}</UniqueIdentifier>
    </Filter>
    <Filter Include="Sources\EntryPoints">
      <UniqueIdentifier>{c49cf80a-cfd0-4d62-8f5e-253a0340fe1c}</UniqueIdentifier>
    </Filter>
    <Filter Include="Sources\Modules">
      <UniqueIdentifier>{14645ecf-db73-4df0-8b3e-684234b59ec3}</UniqueIdentifier>
    </Filter>
    <Filter Include="Sources\Modules\ListBox">
      <UniqueIdentifier>{93cf088f-0be9-4990-86b7-a6b5907b6f24}</UniqueIdentifier>
    </Filter>
    <Filter Include="Sources\Modules\ListBox\define">
      <UniqueIdentifier>{141694b9-8915-4a33-9561-ea672a2f457e}</UniqueIdentifier>
    </Filter>
    <Filter Include="Sources\Modules\ListBox\Execute">
      <UniqueIdentifier>{a223b48e-231b-4f37-833f-f2225d049711}</UniqueIdentifier>
    </Filter>
    <Filter Include="Sources\Modules\ListBox\Execute\innerclass">
      <UniqueIdentifier>{e232fdcd-8eef-4343-8709-8ed66a48a3d1}</UniqueIdentifier>
    </Filter>
    <Filter Include="Sources\Modules\ListBox\Execute\innerclass\ErrorCode">
      <UniqueIdentifier>{5fd3f113-3f63-4a64-a1a3-ff1158cad2c1}</UniqueIdentifier>
    </Filter>
    <Filter Include="Sources\Modules\ListContentInserter">
      <UniqueIdentifier>{0a2d0fd7-6290-45de-88b4-e7df043f8a77}</UniqueIdentifier>
    </Filter>
    <Filter Include="Sources\Modules\ListContentInserter\define">
      <UniqueIdentifier>{9c67a62b-426e-403f-aff0-8e2f6e493dbc}</UniqueIdentifier>
    </Filter>
    <Filter Include="Sources\Modules\ListContentInserter\innerclass">
      <UniqueIdentifier>{3466b1ff-bcfb-43aa-8c03-f909a8311cec}</UniqueIdentifier>
    </Filter>
    <Filter Include="Sources\Modules\ListContentInserter\innerclass\ErrorCode">
      <UniqueIdentifier>{63a66286-16db-46bf-b027-43231791b49e}</UniqueIdentifier>
    </Filter>
    <Filter Include="Sources\Modules\ListContentRemover">
      <UniqueIdentifier>{11be15b9-c0d0-4954-af23-efa245eee6a5}</UniqueIdentifier>
    </Filter>
    <Filter Include="Sources\Modules\ListContentRemover\define">
      <UniqueIdentifier>{44f9f7b2-349e-4534-b4eb-3b61bbbe066a}</UniqueIdentifier>
    </Filter>
    <Filter Include="Sources\Modules\ListContentRemover\innerclass">
      <UniqueIdentifier>{a43efe5f-70e9-4b16-bfac-1b54ea07079a}</UniqueIdentifier>
    </Filter>
    <Filter Include="Sources\Modules\ListContentRemover\innerclass\ErrorCode">
      <UniqueIdentifier>{04ba2ee6-a314-4118-88f5-22c972ff8469}</UniqueIdentifier>
    </Filter>
    <Filter Include="Resources">
      <UniqueIdentifier>{94da481d-a7dd-42d2-8ed3-c8eee0e4d47d}</UniqueIdentifier>
    </Filter>
  </ItemGroup>
  <ItemGroup>
    <ClInclude Include="..\..\..\Sources\ListModule\Sources\Commons\EntryPoint.hpp">
      <Filter>Sources\Commons</Filter>
    </ClInclude>
    <ClInclude Include="..\..\..\Sources\ListModule\Sources\Includes\include.hpp">
      <Filter>Sources\Includes</Filter>
    </ClInclude>
    <ClInclude Include="..\..\..\Sources\ListModule\Sources\EntryPoints\header.hpp">
      <Filter>Sources\EntryPoints</Filter>
    </ClInclude>
    <ClInclude Include="..\..\..\Sources\ListModule\Sources\Modules\ListBox\ListBox.hpp">
      <Filter>Sources\Modules\ListBox</Filter>
    </ClInclude>
    <ClInclude Include="..\..\..\Sources\ListModule\Sources\Modules\ListBox\define\define.hpp">
      <Filter>Sources\Modules\ListBox\define</Filter>
    </ClInclude>
    <ClInclude Include="..\..\..\Sources\ListModule\Sources\Modules\ListBox\Execute\ListBox.hpp">
      <Filter>Sources\Modules\ListBox\Execute</Filter>
    </ClInclude>
    <ClInclude Include="..\..\..\Sources\ListModule\Sources\Modules\ListBox\Execute\innerclass\ErrorCode\ErrorCode.hpp">
      <Filter>Sources\Modules\ListBox\Execute\innerclass\ErrorCode</Filter>
    </ClInclude>
    <ClInclude Include="..\..\..\Sources\ListModule\Sources\Modules\ListContentInserter\ListContentInserter.hpp">
      <Filter>Sources\Modules\ListContentInserter</Filter>
    </ClInclude>
    <ClInclude Include="..\..\..\Sources\ListModule\Sources\Modules\ListContentInserter\define\define.hpp">
      <Filter>Sources\Modules\ListContentInserter\define</Filter>
    </ClInclude>
    <ClInclude Include="..\..\..\Sources\ListModule\Sources\Modules\ListContentInserter\innerclass\ErrorCode\ErrorCode.hpp">
      <Filter>Sources\Modules\ListContentInserter\innerclass\ErrorCode</Filter>
    </ClInclude>
    <ClInclude Include="..\..\..\Sources\ListModule\Sources\Modules\ListContentRemover\ListContentRemover.hpp">
      <Filter>Sources\Modules\ListContentRemover</Filter>
    </ClInclude>
    <ClInclude Include="..\..\..\Sources\ListModule\Sources\Modules\ListContentRemover\define\define.hpp">
      <Filter>Sources\Modules\ListContentRemover\define</Filter>
    </ClInclude>
    <ClInclude Include="..\..\..\Sources\ListModule\Sources\Modules\ListContentRemover\innerclass\ErrorCode\ErrorCode.hpp">
      <Filter>Sources\Modules\ListContentRemover\innerclass\ErrorCode</Filter>
    </ClInclude>
  </ItemGroup>
  <ItemGroup>
    <ClCompile Include="..\..\..\Sources\ListModule\Sources\EntryPoints\main.cpp">
      <Filter>Sources\EntryPoints</Filter>
    </ClCompile>
    <ClCompile Include="..\..\..\Sources\ListModule\Sources\Modules\ListBox\Execute\ListBox.cpp">
      <Filter>Sources\Modules\ListBox\Execute</Filter>
    </ClCompile>
    <ClCompile Include="..\..\..\Sources\ListModule\Sources\Modules\ListContentInserter\ListContentInserter.cpp">
      <Filter>Sources\Modules\ListContentInserter</Filter>
    </ClCompile>
    <ClCompile Include="..\..\..\Sources\ListModule\Sources\Modules\ListContentRemover\ListContentRemover.cpp">
      <Filter>Sources\Modules\ListContentRemover</Filter>
    </ClCompile>
  </ItemGroup>
</Project>