<?xml version="1.0" encoding="utf-8"?>
<Project ToolsVersion="4.0" xmlns="http://schemas.microsoft.com/developer/msbuild/2003">
  <ItemGroup>
    <Filter Include="Sources">
      <UniqueIdentifier>{8c7eea5c-180f-4345-b003-902f4bf1c024}</UniqueIdentifier>
    </Filter>
    <Filter Include="Resources">
      <UniqueIdentifier>{230d2727-6f8b-4af7-b6cc-dbfba80cdbcc}</UniqueIdentifier>
    </Filter>
    <Filter Include="Resources\Applications">
      <UniqueIdentifier>{c58ce4d7-e1a8-429a-9efd-6bd1ba80a7db}</UniqueIdentifier>
    </Filter>
    <Filter Include="Resources\Documents">
      <UniqueIdentifier>{aa057922-f10c-4643-b6ad-09123369b1c8}</UniqueIdentifier>
    </Filter>
    <Filter Include="Resources\Applications\Distributor">
      <UniqueIdentifier>{8528b9ef-3744-4c2b-80dc-185543d7e740}</UniqueIdentifier>
    </Filter>
    <Filter Include="Sources\Commons">
      <UniqueIdentifier>{3b9dd21c-88be-4d68-a0f8-e0bc50f246d9}</UniqueIdentifier>
    </Filter>
    <Filter Include="Sources\EntryPoints">
      <UniqueIdentifier>{87d1abba-7ef2-4162-b5f9-7c2307e2c8ee}</UniqueIdentifier>
    </Filter>
    <Filter Include="Sources\Includes">
      <UniqueIdentifier>{03abf28c-de9c-4ac3-94ed-8c1d1f1e73fc}</UniqueIdentifier>
    </Filter>
    <Filter Include="Sources\Modules">
      <UniqueIdentifier>{6244ecca-e196-406e-9bfb-60bc6de42d95}</UniqueIdentifier>
    </Filter>
    <Filter Include="Sources\Modules\Sample">
      <UniqueIdentifier>{3030fc15-efcb-4d2c-b6c3-8c37461f06dd}</UniqueIdentifier>
    </Filter>
    <Filter Include="Sources\Modules\Sample\define">
      <UniqueIdentifier>{597c5eed-02b7-4f47-b824-d2f92011220a}</UniqueIdentifier>
    </Filter>
    <Filter Include="Sources\Modules\Sample\Execute">
      <UniqueIdentifier>{1db6e9da-c2e3-4f59-a8e0-5b76c46ada40}</UniqueIdentifier>
    </Filter>
    <Filter Include="Sources\Modules\Sample\Panel">
      <UniqueIdentifier>{a951b7b0-4df4-4078-a6de-cf6a3e5d87fa}</UniqueIdentifier>
    </Filter>
    <Filter Include="Sources\Modules\Sample\Execute\innerclass">
      <UniqueIdentifier>{eb5689b9-56d1-44c1-9e64-c74770874afb}</UniqueIdentifier>
    </Filter>
    <Filter Include="Sources\Modules\Sample\Execute\innerclass\ErrorCode">
      <UniqueIdentifier>{fd7e2ab4-5754-4fe6-811e-6ae4996d2422}</UniqueIdentifier>
    </Filter>
    <Filter Include="Sources\Modules\Sample\Panel\innerclass">
      <UniqueIdentifier>{e0e6cc3b-ca58-4d24-8b4c-47c297364d28}</UniqueIdentifier>
    </Filter>
    <Filter Include="Sources\Modules\Sample\Panel\innerclass\ErrorCode">
      <UniqueIdentifier>{1f31abbb-89f1-4eb1-b8bb-4b175f22a0a1}</UniqueIdentifier>
    </Filter>
    <Filter Include="Sources\Modules\Sample\Panel\innerclass\StringTyper">
      <UniqueIdentifier>{b56ac345-c666-4e71-8fbc-d477934306b2}</UniqueIdentifier>
    </Filter>
  </ItemGroup>
  <ItemGroup>
    <None Include="..\..\..\Sources\ProjectTemplate\Templates\1033\Resources\Applications\Distributor\Distributor.bat">
      <Filter>Resources\Applications\Distributor</Filter>
    </None>
  </ItemGroup>
  <ItemGroup>
    <Text Include="..\..\..\Sources\ProjectTemplate\Templates\1033\Resources\Documents\ReadMe.txt">
      <Filter>Resources\Documents</Filter>
    </Text>
  </ItemGroup>
  <ItemGroup>
    <ClInclude Include="..\..\..\Sources\ProjectTemplate\Templates\1033\Sources\Commons\EntryPoint.hpp">
      <Filter>Sources\Commons</Filter>
    </ClInclude>
    <ClInclude Include="..\..\..\Sources\ProjectTemplate\Templates\1033\Sources\EntryPoints\header.hpp">
      <Filter>Sources\EntryPoints</Filter>
    </ClInclude>
    <ClInclude Include="..\..\..\Sources\ProjectTemplate\Templates\1033\Sources\Includes\include.hpp">
      <Filter>Sources\Includes</Filter>
    </ClInclude>
    <ClInclude Include="..\..\..\Sources\ProjectTemplate\Templates\1033\Sources\Modules\Sample\Sample.hpp">
      <Filter>Sources\Modules\Sample</Filter>
    </ClInclude>
    <ClInclude Include="..\..\..\Sources\ProjectTemplate\Templates\1033\Sources\Modules\Sample\define\define.hpp">
      <Filter>Sources\Modules\Sample\define</Filter>
    </ClInclude>
    <ClInclude Include="..\..\..\Sources\ProjectTemplate\Templates\1033\Sources\Modules\Sample\Execute\SampleModule.hpp">
      <Filter>Sources\Modules\Sample\Execute</Filter>
    </ClInclude>
    <ClInclude Include="..\..\..\Sources\ProjectTemplate\Templates\1033\Sources\Modules\Sample\Execute\innerclass\ErrorCode\ErrorCode.hpp">
      <Filter>Sources\Modules\Sample\Execute\innerclass\ErrorCode</Filter>
    </ClInclude>
    <ClInclude Include="..\..\..\Sources\ProjectTemplate\Templates\1033\Sources\Modules\Sample\Panel\SamplePanel.hpp">
      <Filter>Sources\Modules\Sample\Panel</Filter>
    </ClInclude>
    <ClInclude Include="..\..\..\Sources\ProjectTemplate\Templates\1033\Sources\Modules\Sample\Panel\innerclass\ErrorCode\ErrorCode.hpp">
      <Filter>Sources\Modules\Sample\Panel\innerclass\ErrorCode</Filter>
    </ClInclude>
    <ClInclude Include="..\..\..\Sources\ProjectTemplate\Templates\1033\Sources\Modules\Sample\Panel\innerclass\StringTyper\StringTyper.hpp">
      <Filter>Sources\Modules\Sample\Panel\innerclass\StringTyper</Filter>
    </ClInclude>
  </ItemGroup>
  <ItemGroup>
    <ClCompile Include="..\..\..\Sources\ProjectTemplate\Templates\1033\Sources\EntryPoints\main.cpp">
      <Filter>Sources\EntryPoints</Filter>
    </ClCompile>
    <ClCompile Include="..\..\..\Sources\ProjectTemplate\Templates\1033\Sources\Modules\Sample\Execute\SampleModule.cpp">
      <Filter>Sources\Modules\Sample\Execute</Filter>
    </ClCompile>
    <ClCompile Include="..\..\..\Sources\ProjectTemplate\Templates\1033\Sources\Modules\Sample\Panel\SamplePanel.cpp">
      <Filter>Sources\Modules\Sample\Panel</Filter>
    </ClCompile>
    <ClCompile Include="..\..\..\Sources\ProjectTemplate\Templates\1033\Sources\Modules\Sample\Panel\innerclass\StringTyper\StringTyper.cpp">
      <Filter>Sources\Modules\Sample\Panel\innerclass\StringTyper</Filter>
    </ClCompile>
  </ItemGroup>
</Project>