<?xml version="1.0" encoding="utf-8"?>
<Project ToolsVersion="4.0" xmlns="http://schemas.microsoft.com/developer/msbuild/2003">
  <ItemGroup>
    <Filter Include="Sources">
      <UniqueIdentifier>{4251a2e2-2d1a-46e4-95e6-f2da2743bf52}</UniqueIdentifier>
    </Filter>
    <Filter Include="Sources\Commons">
      <UniqueIdentifier>{1914087f-edba-4a44-94aa-e31f13f786f7}</UniqueIdentifier>
    </Filter>
    <Filter Include="Sources\Includes">
      <UniqueIdentifier>{1ced48c2-e2bf-4a6d-bbaa-e623c583dcce}</UniqueIdentifier>
    </Filter>
    <Filter Include="Sources\EntryPoints">
      <UniqueIdentifier>{63986146-d366-4e5d-8a95-8b621be583a1}</UniqueIdentifier>
    </Filter>
    <Filter Include="Sources\Modules">
      <UniqueIdentifier>{ed09e78c-e1d5-4a42-912f-73bda523f6ac}</UniqueIdentifier>
    </Filter>
    <Filter Include="Sources\Modules\NEStandardPanelManager">
      <UniqueIdentifier>{dcf7691d-5396-40d7-85eb-ba2da070d9b8}</UniqueIdentifier>
    </Filter>
    <Filter Include="Sources\Modules\NEStandardPanelManager\define">
      <UniqueIdentifier>{e3e90b6f-3ec5-4f91-98c4-16d26ca12c20}</UniqueIdentifier>
    </Filter>
    <Filter Include="Sources\Modules\NEStandardPanelManager\Execute">
      <UniqueIdentifier>{18f24ed9-149f-4d3d-a393-2334ebdedd9b}</UniqueIdentifier>
    </Filter>
    <Filter Include="Sources\Modules\NEStandardPanelManager\Execute\innerclass">
      <UniqueIdentifier>{a54f7e3f-24d6-49e5-a4ee-1b073bae2651}</UniqueIdentifier>
    </Filter>
    <Filter Include="Sources\Modules\NEStandardPanelManager\Execute\innerclass\ErrorCode">
      <UniqueIdentifier>{edf426f3-da7d-467f-8c7b-f1b95b73de4b}</UniqueIdentifier>
    </Filter>
    <Filter Include="Sources\Modules\NEStandardPanelManager\Execute\innerclass\StandardPanelDLLHeader">
      <UniqueIdentifier>{a64685c2-b51f-4491-8828-bc306f8c5471}</UniqueIdentifier>
    </Filter>
    <Filter Include="Sources\Modules\NEStandardScriptEditor">
      <UniqueIdentifier>{4440bd5b-e531-4890-9cf6-ef8eb6b87d94}</UniqueIdentifier>
    </Filter>
    <Filter Include="Sources\Modules\NEStandardScriptEditor\define">
      <UniqueIdentifier>{050bc8ea-dc48-4f8a-ab05-6ca5237140eb}</UniqueIdentifier>
    </Filter>
    <Filter Include="Sources\Modules\NEStandardScriptEditor\Execute">
      <UniqueIdentifier>{3b5901f9-9c44-448a-ad71-0c0a39b2dcf5}</UniqueIdentifier>
    </Filter>
    <Filter Include="Sources\Modules\NEStandardScriptEditor\Execute\innerclass">
      <UniqueIdentifier>{bf882ec3-70b3-4130-8c44-ce657c032ea4}</UniqueIdentifier>
    </Filter>
    <Filter Include="Sources\Modules\NEStandardScriptEditor\Execute\innerclass\ErrorCode">
      <UniqueIdentifier>{c4e90904-c263-4a7a-a355-727dcbd01a0c}</UniqueIdentifier>
    </Filter>
    <Filter Include="Sources\Modules\NEStandardScriptEditor\Execute\innerclass\StandardManagedScriptList">
      <UniqueIdentifier>{3945ddab-26e7-47f5-b9ba-4de8c23edb9b}</UniqueIdentifier>
    </Filter>
    <Filter Include="Sources\Modules\NEStandardScriptEditor\Execute\innerclass\StandardManagedScriptList\innerclass">
      <UniqueIdentifier>{0d81f02a-2372-4aae-a06f-d054cb53c2fb}</UniqueIdentifier>
    </Filter>
    <Filter Include="Sources\Modules\NEStandardScriptEditor\Execute\innerclass\StandardManagedScriptList\innerclass\StandardBanks">
      <UniqueIdentifier>{1ad36e1a-32bd-4dda-b7e6-c2214b02d1bb}</UniqueIdentifier>
    </Filter>
    <Filter Include="Resources">
      <UniqueIdentifier>{c6949416-59f8-450a-b6c8-7657af55aab9}</UniqueIdentifier>
    </Filter>
  </ItemGroup>
  <ItemGroup>
    <ClInclude Include="..\..\..\Sources\StandardEditorManager\Sources\Commons\EntryPoint.hpp">
      <Filter>Sources\Commons</Filter>
    </ClInclude>
    <ClInclude Include="..\..\..\Sources\StandardEditorManager\Sources\Includes\include.hpp">
      <Filter>Sources\Includes</Filter>
    </ClInclude>
    <ClInclude Include="..\..\..\Sources\StandardEditorManager\Sources\EntryPoints\header.hpp">
      <Filter>Sources\EntryPoints</Filter>
    </ClInclude>
    <ClInclude Include="..\..\..\Sources\StandardEditorManager\Sources\Modules\NEStandardPanelManager\NEStandardPanelManager.hpp">
      <Filter>Sources\Modules\NEStandardPanelManager</Filter>
    </ClInclude>
    <ClInclude Include="..\..\..\Sources\StandardEditorManager\Sources\Modules\NEStandardPanelManager\define\define.hpp">
      <Filter>Sources\Modules\NEStandardPanelManager\define</Filter>
    </ClInclude>
    <ClInclude Include="..\..\..\Sources\StandardEditorManager\Sources\Modules\NEStandardPanelManager\Execute\NEStandardPanelManager.hpp">
      <Filter>Sources\Modules\NEStandardPanelManager\Execute</Filter>
    </ClInclude>
    <ClInclude Include="..\..\..\Sources\StandardEditorManager\Sources\Modules\NEStandardPanelManager\Execute\innerclass\ErrorCode\ErrorCode.hpp">
      <Filter>Sources\Modules\NEStandardPanelManager\Execute\innerclass\ErrorCode</Filter>
    </ClInclude>
    <ClInclude Include="..\..\..\Sources\StandardEditorManager\Sources\Modules\NEStandardPanelManager\Execute\innerclass\StandardPanelDLLHeader\StandardPanelDLLHeader.hpp">
      <Filter>Sources\Modules\NEStandardPanelManager\Execute\innerclass\StandardPanelDLLHeader</Filter>
    </ClInclude>
    <ClInclude Include="..\..\..\Sources\StandardEditorManager\Sources\Modules\NEStandardScriptEditor\NEStandardScriptEditor.hpp">
      <Filter>Sources\Modules\NEStandardScriptEditor</Filter>
    </ClInclude>
    <ClInclude Include="..\..\..\Sources\StandardEditorManager\Sources\Modules\NEStandardScriptEditor\define\define.hpp">
      <Filter>Sources\Modules\NEStandardScriptEditor\define</Filter>
    </ClInclude>
    <ClInclude Include="..\..\..\Sources\StandardEditorManager\Sources\Modules\NEStandardScriptEditor\Execute\NEStandardScriptEditor.hpp">
      <Filter>Sources\Modules\NEStandardScriptEditor\Execute</Filter>
    </ClInclude>
    <ClInclude Include="..\..\..\Sources\StandardEditorManager\Sources\Modules\NEStandardScriptEditor\Execute\innerclass\ErrorCode\ErrorCode.hpp">
      <Filter>Sources\Modules\NEStandardScriptEditor\Execute\innerclass\ErrorCode</Filter>
    </ClInclude>
    <ClInclude Include="..\..\..\Sources\StandardEditorManager\Sources\Modules\NEStandardScriptEditor\Execute\innerclass\StandardManagedScriptList\StandardManagedScriptList.hpp">
      <Filter>Sources\Modules\NEStandardScriptEditor\Execute\innerclass\StandardManagedScriptList</Filter>
    </ClInclude>
    <ClInclude Include="..\..\..\Sources\StandardEditorManager\Sources\Modules\NEStandardScriptEditor\Execute\innerclass\StandardManagedScriptList\innerclass\StandardBanks\StandardBanks.hpp">
      <Filter>Sources\Modules\NEStandardScriptEditor\Execute\innerclass\StandardManagedScriptList\innerclass\StandardBanks</Filter>
    </ClInclude>
  </ItemGroup>
  <ItemGroup>
    <ClCompile Include="..\..\..\Sources\StandardEditorManager\Sources\EntryPoints\main.cpp">
      <Filter>Sources\EntryPoints</Filter>
    </ClCompile>
    <ClCompile Include="..\..\..\Sources\StandardEditorManager\Sources\Modules\NEStandardPanelManager\Execute\NEStandardPanelManager.cpp">
      <Filter>Sources\Modules\NEStandardPanelManager\Execute</Filter>
    </ClCompile>
    <ClCompile Include="..\..\..\Sources\StandardEditorManager\Sources\Modules\NEStandardPanelManager\Execute\innerclass\StandardPanelDLLHeader\StandardPanelDLLHeader.cpp">
      <Filter>Sources\Modules\NEStandardPanelManager\Execute\innerclass\StandardPanelDLLHeader</Filter>
    </ClCompile>
    <ClCompile Include="..\..\..\Sources\StandardEditorManager\Sources\Modules\NEStandardScriptEditor\Execute\NEStandardScriptEditor.cpp">
      <Filter>Sources\Modules\NEStandardScriptEditor\Execute</Filter>
    </ClCompile>
    <ClCompile Include="..\..\..\Sources\StandardEditorManager\Sources\Modules\NEStandardScriptEditor\Execute\innerclass\StandardManagedScriptList\StandardManagedScriptList.cpp">
      <Filter>Sources\Modules\NEStandardScriptEditor\Execute\innerclass\StandardManagedScriptList</Filter>
    </ClCompile>
    <ClCompile Include="..\..\..\Sources\StandardEditorManager\Sources\Modules\NEStandardScriptEditor\Execute\innerclass\StandardManagedScriptList\innerclass\StandardBanks\StandardBanks.cpp">
      <Filter>Sources\Modules\NEStandardScriptEditor\Execute\innerclass\StandardManagedScriptList\innerclass\StandardBanks</Filter>
    </ClCompile>
  </ItemGroup>
  <ItemGroup>
    <None Include="VersionNo.ini">
      <Filter>Resources</Filter>
    </None>
  </ItemGroup>
</Project>