<?xml version="1.0" encoding="utf-8"?>
<Project ToolsVersion="4.0" xmlns="http://schemas.microsoft.com/developer/msbuild/2003">
  <ItemGroup>
    <Filter Include="Sources">
      <UniqueIdentifier>{4FC737F1-C7A5-4376-A066-2A32D752A2FF}</UniqueIdentifier>
      <Extensions>cpp;c;cc;cxx;def;odl;idl;hpj;bat;asm;asmx</Extensions>
    </Filter>
    <Filter Include="Sources\Commons">
      <UniqueIdentifier>{1310e029-573e-4657-9a54-969d4de9acc2}</UniqueIdentifier>
    </Filter>
    <Filter Include="Sources\EntryPoints">
      <UniqueIdentifier>{215e56ed-8de1-42bb-91f1-15ae86c99af0}</UniqueIdentifier>
    </Filter>
    <Filter Include="Sources\Modules">
      <UniqueIdentifier>{6f8bf006-e618-461a-ace0-099ddcee101d}</UniqueIdentifier>
    </Filter>
    <Filter Include="Sources\Modules\DLLMacro">
      <UniqueIdentifier>{cdf3ce15-c8b5-466c-ad5a-057e7b5d2d0b}</UniqueIdentifier>
    </Filter>
    <Filter Include="Sources\Modules\MemoryLeakMacro">
      <UniqueIdentifier>{f658ae0e-0e31-497b-ad48-96a23397ff8c}</UniqueIdentifier>
    </Filter>
    <Filter Include="Sources\Includes">
      <UniqueIdentifier>{52716dfb-5dc1-418d-a57e-01f8eec6dac5}</UniqueIdentifier>
    </Filter>
    <Filter Include="Resources">
      <UniqueIdentifier>{67DA6AB6-F800-4c08-8B7A-83BB121AAD01}</UniqueIdentifier>
      <Extensions>rc;ico;cur;bmp;dlg;rc2;rct;bin;rgs;gif;jpg;jpeg;jpe;resx;tiff;tif;png;wav</Extensions>
    </Filter>
  </ItemGroup>
  <ItemGroup>
    <ClInclude Include="..\..\..\Sources\Macro\Sources\Commons\CommonDefine.hpp">
      <Filter>Sources\Commons</Filter>
    </ClInclude>
    <ClInclude Include="..\..\..\Sources\Macro\Sources\Commons\CommonTypedef.hpp">
      <Filter>Sources\Commons</Filter>
    </ClInclude>
    <ClInclude Include="..\..\..\Sources\Macro\Sources\EntryPoints\header.hpp">
      <Filter>Sources\EntryPoints</Filter>
    </ClInclude>
    <ClInclude Include="..\..\..\Sources\Macro\Sources\Modules\DLLMacro\SetDLLEXPORT.hpp">
      <Filter>Sources\Modules\DLLMacro</Filter>
    </ClInclude>
    <ClInclude Include="..\..\..\Sources\Macro\Sources\Modules\DLLMacro\SetDLLIMPORT.hpp">
      <Filter>Sources\Modules\DLLMacro</Filter>
    </ClInclude>
    <ClInclude Include="..\..\..\Sources\Macro\Sources\Modules\MemoryLeakMacro\MemoryLeak.hpp">
      <Filter>Sources\Modules\MemoryLeakMacro</Filter>
    </ClInclude>
    <ClInclude Include="..\..\..\Sources\Macro\Sources\Includes\include.hpp">
      <Filter>Sources\Includes</Filter>
    </ClInclude>
  </ItemGroup>
</Project>