
Microsoft Visual Studio Solution File, Format Version 12.00
# Visual Studio 2012
Project("{2150E333-8FDC-42A3-9474-1A3956D46DE8}") = "Sources", "Sources", "{0146BFC8-D6EB-4D0E-A3A1-39636C826A92}"
EndProject
Project("{2150E333-8FDC-42A3-9474-1A3956D46DE8}") = "Resources", "Resources", "{E68F6260-AB0A-44BA-A8F1-300AA9FFE7F3}"
EndProject
Project("{2150E333-8FDC-42A3-9474-1A3956D46DE8}") = "Executable Core Project", "Executable Core Project", "{9B7B68A1-91CF-4534-9C76-55514BF795AB}"
EndProject
Project("{2150E333-8FDC-42A3-9474-1A3956D46DE8}") = "Editable Core Project", "Editable Core Project", "{13307B9B-7123-4E02-A1F5-300295E36328}"
EndProject
Project("{2150E333-8FDC-42A3-9474-1A3956D46DE8}") = "Core Solutions", "Core Solutions", "{CF921EBA-FC67-4C23-A73E-D9230ED1D151}"
EndProject
Project("{2150E333-8FDC-42A3-9474-1A3956D46DE8}") = "External Module Project", "External Module Project", "{FF4A4940-6B78-4CE7-8C17-0E1700BF24A5}"
EndProject
Project("{2150E333-8FDC-42A3-9474-1A3956D46DE8}") = "Sources", "Sources", "{5001FA4F-9CA7-48E2-B813-EDBAFAF84D09}"
EndProject
Project("{2150E333-8FDC-42A3-9474-1A3956D46DE8}") = "Resources", "Resources", "{B2C8B073-3615-4DA5-A8BB-645054CE04A8}"
EndProject
Project("{2150E333-8FDC-42A3-9474-1A3956D46DE8}") = "Core Project", "Core Project", "{83F35107-16E1-427D-97BA-65C5EE56B022}"
EndProject
Project("{2150E333-8FDC-42A3-9474-1A3956D46DE8}") = "Documents", "Documents", "{5F8C5255-18A8-4A5A-8472-70D505928AB7}"
	ProjectSection(SolutionItems) = preProject
		..\..\Projects\Core\Resources\Documents\Histories.txt = ..\..\Projects\Core\Resources\Documents\Histories.txt
	EndProjectSection
EndProject
Project("{8BC9CEB8-8B4A-11D0-8D11-00A0C91BC942}") = "FileSystem", "..\..\Projects\Core\Solutions\VisualStudio2012\FileSystem\FileSystem.vcxproj", "{91980CA8-30CC-4AA0-9343-AA0FED9C58AD}"
EndProject
Project("{8BC9CEB8-8B4A-11D0-8D11-00A0C91BC942}") = "Macro", "..\..\Projects\Core\Solutions\VisualStudio2012\Macro\Macro.vcxproj", "{4E76EC9C-63A1-45C3-BA2C-DAF451831752}"
EndProject
Project("{8BC9CEB8-8B4A-11D0-8D11-00A0C91BC942}") = "FileAccess", "..\..\Projects\Core\Solutions\VisualStudio2012\FileAccess\FileAccess.vcxproj", "{35F2AB86-7A14-4F61-AB32-CCADD9536E5A}"
EndProject
Project("{8BC9CEB8-8B4A-11D0-8D11-00A0C91BC942}") = "Kernal", "..\..\Projects\Core\Solutions\VisualStudio2012\Kernal\Kernal.vcxproj", "{2E36334E-1255-4620-B093-E6FA88C34B40}"
EndProject
Project("{8BC9CEB8-8B4A-11D0-8D11-00A0C91BC942}") = "Editor", "..\..\Projects\Core\Solutions\VisualStudio2012\Editor\Editor.vcxproj", "{4B2AB67C-0649-4BC7-B684-38866C4ADDB5}"
EndProject
Project("{8BC9CEB8-8B4A-11D0-8D11-00A0C91BC942}") = "StandardEditorManager", "..\..\Projects\Core\Solutions\VisualStudio2012\StandardEditorManager\StandardEditorManager.vcxproj", "{997AD499-777F-4C97-97E3-C2AB28E66946}"
EndProject
Project("{8BC9CEB8-8B4A-11D0-8D11-00A0C91BC942}") = "StandardKernalManager", "..\..\Projects\Core\Solutions\VisualStudio2012\StandardKernalManager\StandardKernalManager.vcxproj", "{36FEB7B1-565C-43AA-909E-9A536CABA2A0}"
EndProject
Project("{2150E333-8FDC-42A3-9474-1A3956D46DE8}") = "AfterBuild Solutions", "AfterBuild Solutions", "{83CA4443-E1A1-4CF9-9CD5-1697C3FDD898}"
EndProject
Project("{2150E333-8FDC-42A3-9474-1A3956D46DE8}") = "Sources", "Sources", "{5B3D721E-C49A-4C64-BCA5-EF35250804F1}"
EndProject
Project("{2150E333-8FDC-42A3-9474-1A3956D46DE8}") = "Resources", "Resources", "{94056B0C-7181-4BB7-ACB2-3224F0DC66F6}"
EndProject
Project("{8BC9CEB8-8B4A-11D0-8D11-00A0C91BC942}") = "AfterBuild", "..\..\Projects\AfterBuild\Solutions\VisualStudio2012\AfterBuild\AfterBuild.vcxproj", "{761A5BAB-04FD-4051-B8D7-B8320AFEE46C}"
EndProject
Project("{2150E333-8FDC-42A3-9474-1A3956D46DE8}") = "Cooee Solution", "Cooee Solution", "{86D3FCDE-97DB-4FA6-83EE-3BF11FEFF036}"
EndProject
Project("{2150E333-8FDC-42A3-9474-1A3956D46DE8}") = "Sources", "Sources", "{5A659E00-12B6-4ACE-99DF-514E1A2A5A42}"
EndProject
Project("{2150E333-8FDC-42A3-9474-1A3956D46DE8}") = "Resources", "Resources", "{BF71392A-D04A-45CD-A621-5CB00642A318}"
EndProject
Project("{8BC9CEB8-8B4A-11D0-8D11-00A0C91BC942}") = "Cooee", "..\..\Projects\Cooee\Solutions\VisualStudio2012\Cooee\Cooee.vcxproj", "{F1D6BC0D-6A03-43C8-8A59-6D5F637EF636}"
EndProject
Project("{8BC9CEB8-8B4A-11D0-8D11-00A0C91BC942}") = "CooeeHandler", "..\..\Projects\Cooee\Solutions\VisualStudio2012\CooeeHandler\CooeeHandler.vcxproj", "{89D87E85-7C16-4378-ABB8-F9ECD75650BA}"
EndProject
Project("{2150E333-8FDC-42A3-9474-1A3956D46DE8}") = "Sources", "Sources", "{719DCFF5-184B-4998-AF37-89298CEE32A4}"
EndProject
Project("{2150E333-8FDC-42A3-9474-1A3956D46DE8}") = "Resources", "Resources", "{A23BBB31-E367-42CC-88A2-71C70E204C79}"
	ProjectSection(SolutionItems) = preProject
		..\..\Projects\StandardModules\Solutions\VisualStudio2012\VersionNo.ini = ..\..\Projects\StandardModules\Solutions\VisualStudio2012\VersionNo.ini
	EndProjectSection
EndProject
Project("{2150E333-8FDC-42A3-9474-1A3956D46DE8}") = "StandardModules Solutions", "StandardModules Solutions", "{3EBA34FC-FF53-4CB7-90DB-309700993B25}"
EndProject
Project("{8BC9CEB8-8B4A-11D0-8D11-00A0C91BC942}") = "StandardModule", "..\..\Projects\StandardModules\Solutions\VisualStudio2012\StandardModule\StandardModule.vcxproj", "{45B0A468-7F50-4FC9-A7A2-A0A23427B7C7}"
EndProject
Project("{2150E333-8FDC-42A3-9474-1A3956D46DE8}") = "WindowModules Solutions", "WindowModules Solutions", "{3F9FCC96-71C2-4418-B28C-230A4D2F8651}"
EndProject
Project("{2150E333-8FDC-42A3-9474-1A3956D46DE8}") = "Sources", "Sources", "{D9D5ADA6-AA56-49D9-9D41-5C4A7662D688}"
EndProject
Project("{2150E333-8FDC-42A3-9474-1A3956D46DE8}") = "Resources", "Resources", "{052FE856-AAF6-4C70-9B7A-6AFB204F4427}"
EndProject
Project("{8BC9CEB8-8B4A-11D0-8D11-00A0C91BC942}") = "ButtonPackage", "..\..\Projects\WindowModules\Solutions\VisualStudio2012\ButtonModule\ButtonPackage.vcxproj", "{3A716FD9-56FD-495E-812F-124AA379B55F}"
EndProject
Project("{8BC9CEB8-8B4A-11D0-8D11-00A0C91BC942}") = "MessagePackage", "..\..\Projects\WindowModules\Solutions\VisualStudio2012\MessageboxModule\MessagePackage.vcxproj", "{2D233BA4-2EC7-47EA-BD07-37D33E4261C3}"
EndProject
Project("{8BC9CEB8-8B4A-11D0-8D11-00A0C91BC942}") = "WindowModule", "..\..\Projects\WindowModules\Solutions\VisualStudio2012\WindowModule\Window Module.vcxproj", "{D6C23411-259E-4451-A7D8-72A0CFBD0404}"
EndProject
Project("{8BC9CEB8-8B4A-11D0-8D11-00A0C91BC942}") = "ListModule", "..\..\Projects\WindowModules\Solutions\VisualStudio2012\ListModule\ListModule.vcxproj", "{73EA601E-7B01-4D44-A3EB-B23FFF538444}"
EndProject
Project("{2150E333-8FDC-42A3-9474-1A3956D46DE8}") = "Module Development Kit", "Module Development Kit", "{3894597A-C1B5-4E1E-AC7B-8F17F4A18BFB}"
EndProject
Project("{2150E333-8FDC-42A3-9474-1A3956D46DE8}") = "Sources", "Sources", "{D6C6F305-BEA3-4DA0-80BB-C3C312DC8C29}"
EndProject
Project("{2150E333-8FDC-42A3-9474-1A3956D46DE8}") = "Resources", "Resources", "{BD01E4D3-B689-4DD5-A6D0-1191ABE84B3C}"
EndProject
Project("{8BC9CEB8-8B4A-11D0-8D11-00A0C91BC942}") = "MDKProjectWizard", "..\..\Projects\MDK\Solutions\VisualStudio2012\MDKProjectTemplate\MDKProjectTemplate.vcxproj", "{2B1274FB-672C-41BC-A24E-489647EBEAD8}"
EndProject
Project("{8BC9CEB8-8B4A-11D0-8D11-00A0C91BC942}") = "MDK", "..\..\Projects\MDK\Solutions\VisualStudio2012\MDK\MDK.vcxproj", "{14A81FA8-014E-4672-926A-3E344B318B0C}"
EndProject
Global
	GlobalSection(SolutionConfigurationPlatforms) = preSolution
		Debug|Win32 = Debug|Win32
		Developer.Debug|Win32 = Developer.Debug|Win32
		Developer.Release|Win32 = Developer.Release|Win32
		Release|Win32 = Release|Win32
	EndGlobalSection
	GlobalSection(ProjectConfigurationPlatforms) = postSolution
		{91980CA8-30CC-4AA0-9343-AA0FED9C58AD}.Debug|Win32.ActiveCfg = Developer.Debug|Win32
		{91980CA8-30CC-4AA0-9343-AA0FED9C58AD}.Debug|Win32.Build.0 = Developer.Debug|Win32
		{91980CA8-30CC-4AA0-9343-AA0FED9C58AD}.Developer.Debug|Win32.ActiveCfg = Developer.Debug|Win32
		{91980CA8-30CC-4AA0-9343-AA0FED9C58AD}.Developer.Debug|Win32.Build.0 = Developer.Debug|Win32
		{91980CA8-30CC-4AA0-9343-AA0FED9C58AD}.Developer.Release|Win32.ActiveCfg = Developer.Release|Win32
		{91980CA8-30CC-4AA0-9343-AA0FED9C58AD}.Developer.Release|Win32.Build.0 = Developer.Release|Win32
		{91980CA8-30CC-4AA0-9343-AA0FED9C58AD}.Release|Win32.ActiveCfg = Release|Win32
		{91980CA8-30CC-4AA0-9343-AA0FED9C58AD}.Release|Win32.Build.0 = Release|Win32
		{4E76EC9C-63A1-45C3-BA2C-DAF451831752}.Debug|Win32.ActiveCfg = Developer.Debug|Win32
		{4E76EC9C-63A1-45C3-BA2C-DAF451831752}.Debug|Win32.Build.0 = Developer.Debug|Win32
		{4E76EC9C-63A1-45C3-BA2C-DAF451831752}.Developer.Debug|Win32.ActiveCfg = Developer.Debug|Win32
		{4E76EC9C-63A1-45C3-BA2C-DAF451831752}.Developer.Debug|Win32.Build.0 = Developer.Debug|Win32
		{4E76EC9C-63A1-45C3-BA2C-DAF451831752}.Developer.Release|Win32.ActiveCfg = Developer.Release|Win32
		{4E76EC9C-63A1-45C3-BA2C-DAF451831752}.Developer.Release|Win32.Build.0 = Developer.Release|Win32
		{4E76EC9C-63A1-45C3-BA2C-DAF451831752}.Release|Win32.ActiveCfg = Release|Win32
		{4E76EC9C-63A1-45C3-BA2C-DAF451831752}.Release|Win32.Build.0 = Release|Win32
		{35F2AB86-7A14-4F61-AB32-CCADD9536E5A}.Debug|Win32.ActiveCfg = Developer.Debug|Win32
		{35F2AB86-7A14-4F61-AB32-CCADD9536E5A}.Debug|Win32.Build.0 = Developer.Debug|Win32
		{35F2AB86-7A14-4F61-AB32-CCADD9536E5A}.Developer.Debug|Win32.ActiveCfg = Developer.Debug|Win32
		{35F2AB86-7A14-4F61-AB32-CCADD9536E5A}.Developer.Debug|Win32.Build.0 = Developer.Debug|Win32
		{35F2AB86-7A14-4F61-AB32-CCADD9536E5A}.Developer.Release|Win32.ActiveCfg = Developer.Release|Win32
		{35F2AB86-7A14-4F61-AB32-CCADD9536E5A}.Developer.Release|Win32.Build.0 = Developer.Release|Win32
		{35F2AB86-7A14-4F61-AB32-CCADD9536E5A}.Release|Win32.ActiveCfg = Release|Win32
		{35F2AB86-7A14-4F61-AB32-CCADD9536E5A}.Release|Win32.Build.0 = Release|Win32
		{2E36334E-1255-4620-B093-E6FA88C34B40}.Debug|Win32.ActiveCfg = Developer.Debug|Win32
		{2E36334E-1255-4620-B093-E6FA88C34B40}.Debug|Win32.Build.0 = Developer.Debug|Win32
		{2E36334E-1255-4620-B093-E6FA88C34B40}.Developer.Debug|Win32.ActiveCfg = Developer.Debug|Win32
		{2E36334E-1255-4620-B093-E6FA88C34B40}.Developer.Debug|Win32.Build.0 = Developer.Debug|Win32
		{2E36334E-1255-4620-B093-E6FA88C34B40}.Developer.Release|Win32.ActiveCfg = Developer.Release|Win32
		{2E36334E-1255-4620-B093-E6FA88C34B40}.Developer.Release|Win32.Build.0 = Developer.Release|Win32
		{2E36334E-1255-4620-B093-E6FA88C34B40}.Release|Win32.ActiveCfg = Release|Win32
		{2E36334E-1255-4620-B093-E6FA88C34B40}.Release|Win32.Build.0 = Release|Win32
		{4B2AB67C-0649-4BC7-B684-38866C4ADDB5}.Debug|Win32.ActiveCfg = Developer.Debug|Win32
		{4B2AB67C-0649-4BC7-B684-38866C4ADDB5}.Debug|Win32.Build.0 = Developer.Debug|Win32
		{4B2AB67C-0649-4BC7-B684-38866C4ADDB5}.Developer.Debug|Win32.ActiveCfg = Developer.Debug|Win32
		{4B2AB67C-0649-4BC7-B684-38866C4ADDB5}.Developer.Debug|Win32.Build.0 = Developer.Debug|Win32
		{4B2AB67C-0649-4BC7-B684-38866C4ADDB5}.Developer.Release|Win32.ActiveCfg = Developer.Release|Win32
		{4B2AB67C-0649-4BC7-B684-38866C4ADDB5}.Developer.Release|Win32.Build.0 = Developer.Release|Win32
		{4B2AB67C-0649-4BC7-B684-38866C4ADDB5}.Release|Win32.ActiveCfg = Release|Win32
		{4B2AB67C-0649-4BC7-B684-38866C4ADDB5}.Release|Win32.Build.0 = Release|Win32
		{997AD499-777F-4C97-97E3-C2AB28E66946}.Debug|Win32.ActiveCfg = Developer.Debug|Win32
		{997AD499-777F-4C97-97E3-C2AB28E66946}.Debug|Win32.Build.0 = Developer.Debug|Win32
		{997AD499-777F-4C97-97E3-C2AB28E66946}.Developer.Debug|Win32.ActiveCfg = Developer.Debug|Win32
		{997AD499-777F-4C97-97E3-C2AB28E66946}.Developer.Debug|Win32.Build.0 = Developer.Debug|Win32
		{997AD499-777F-4C97-97E3-C2AB28E66946}.Developer.Release|Win32.ActiveCfg = Developer.Release|Win32
		{997AD499-777F-4C97-97E3-C2AB28E66946}.Developer.Release|Win32.Build.0 = Developer.Release|Win32
		{997AD499-777F-4C97-97E3-C2AB28E66946}.Release|Win32.ActiveCfg = Release|Win32
		{997AD499-777F-4C97-97E3-C2AB28E66946}.Release|Win32.Build.0 = Release|Win32
		{36FEB7B1-565C-43AA-909E-9A536CABA2A0}.Debug|Win32.ActiveCfg = Developer.Debug|Win32
		{36FEB7B1-565C-43AA-909E-9A536CABA2A0}.Debug|Win32.Build.0 = Developer.Debug|Win32
		{36FEB7B1-565C-43AA-909E-9A536CABA2A0}.Developer.Debug|Win32.ActiveCfg = Developer.Debug|Win32
		{36FEB7B1-565C-43AA-909E-9A536CABA2A0}.Developer.Debug|Win32.Build.0 = Developer.Debug|Win32
		{36FEB7B1-565C-43AA-909E-9A536CABA2A0}.Developer.Release|Win32.ActiveCfg = Developer.Release|Win32
		{36FEB7B1-565C-43AA-909E-9A536CABA2A0}.Developer.Release|Win32.Build.0 = Developer.Release|Win32
		{36FEB7B1-565C-43AA-909E-9A536CABA2A0}.Release|Win32.ActiveCfg = Release|Win32
		{36FEB7B1-565C-43AA-909E-9A536CABA2A0}.Release|Win32.Build.0 = Release|Win32
		{761A5BAB-04FD-4051-B8D7-B8320AFEE46C}.Debug|Win32.ActiveCfg = Debug|Win32
		{761A5BAB-04FD-4051-B8D7-B8320AFEE46C}.Debug|Win32.Build.0 = Debug|Win32
		{761A5BAB-04FD-4051-B8D7-B8320AFEE46C}.Developer.Debug|Win32.ActiveCfg = Debug|Win32
		{761A5BAB-04FD-4051-B8D7-B8320AFEE46C}.Developer.Release|Win32.ActiveCfg = Release|Win32
		{761A5BAB-04FD-4051-B8D7-B8320AFEE46C}.Developer.Release|Win32.Build.0 = Release|Win32
		{761A5BAB-04FD-4051-B8D7-B8320AFEE46C}.Release|Win32.ActiveCfg = Release|Win32
		{761A5BAB-04FD-4051-B8D7-B8320AFEE46C}.Release|Win32.Build.0 = Release|Win32
		{F1D6BC0D-6A03-43C8-8A59-6D5F637EF636}.Debug|Win32.ActiveCfg = Developer.Debug|Win32
		{F1D6BC0D-6A03-43C8-8A59-6D5F637EF636}.Debug|Win32.Build.0 = Developer.Debug|Win32
		{F1D6BC0D-6A03-43C8-8A59-6D5F637EF636}.Developer.Debug|Win32.ActiveCfg = Developer.Debug|Win32
		{F1D6BC0D-6A03-43C8-8A59-6D5F637EF636}.Developer.Debug|Win32.Build.0 = Developer.Debug|Win32
		{F1D6BC0D-6A03-43C8-8A59-6D5F637EF636}.Developer.Release|Win32.ActiveCfg = Developer.Release|Win32
		{F1D6BC0D-6A03-43C8-8A59-6D5F637EF636}.Developer.Release|Win32.Build.0 = Developer.Release|Win32
		{F1D6BC0D-6A03-43C8-8A59-6D5F637EF636}.Release|Win32.ActiveCfg = Release|Win32
		{F1D6BC0D-6A03-43C8-8A59-6D5F637EF636}.Release|Win32.Build.0 = Release|Win32
		{89D87E85-7C16-4378-ABB8-F9ECD75650BA}.Debug|Win32.ActiveCfg = Developer.Debug|Win32
		{89D87E85-7C16-4378-ABB8-F9ECD75650BA}.Debug|Win32.Build.0 = Developer.Debug|Win32
		{89D87E85-7C16-4378-ABB8-F9ECD75650BA}.Developer.Debug|Win32.ActiveCfg = Developer.Debug|Win32
		{89D87E85-7C16-4378-ABB8-F9ECD75650BA}.Developer.Debug|Win32.Build.0 = Developer.Debug|Win32
		{89D87E85-7C16-4378-ABB8-F9ECD75650BA}.Developer.Release|Win32.ActiveCfg = Developer.Release|Win32
		{89D87E85-7C16-4378-ABB8-F9ECD75650BA}.Developer.Release|Win32.Build.0 = Developer.Release|Win32
		{89D87E85-7C16-4378-ABB8-F9ECD75650BA}.Release|Win32.ActiveCfg = Release|Win32
		{89D87E85-7C16-4378-ABB8-F9ECD75650BA}.Release|Win32.Build.0 = Release|Win32
		{45B0A468-7F50-4FC9-A7A2-A0A23427B7C7}.Debug|Win32.ActiveCfg = Developer.Debug|Win32
		{45B0A468-7F50-4FC9-A7A2-A0A23427B7C7}.Debug|Win32.Build.0 = Developer.Debug|Win32
		{45B0A468-7F50-4FC9-A7A2-A0A23427B7C7}.Developer.Debug|Win32.ActiveCfg = Developer.Debug|Win32
		{45B0A468-7F50-4FC9-A7A2-A0A23427B7C7}.Developer.Debug|Win32.Build.0 = Developer.Debug|Win32
		{45B0A468-7F50-4FC9-A7A2-A0A23427B7C7}.Developer.Release|Win32.ActiveCfg = Developer.Release|Win32
		{45B0A468-7F50-4FC9-A7A2-A0A23427B7C7}.Developer.Release|Win32.Build.0 = Developer.Release|Win32
		{45B0A468-7F50-4FC9-A7A2-A0A23427B7C7}.Release|Win32.ActiveCfg = Release|Win32
		{45B0A468-7F50-4FC9-A7A2-A0A23427B7C7}.Release|Win32.Build.0 = Release|Win32
		{3A716FD9-56FD-495E-812F-124AA379B55F}.Debug|Win32.ActiveCfg = Developer.Debug|Win32
		{3A716FD9-56FD-495E-812F-124AA379B55F}.Debug|Win32.Build.0 = Developer.Debug|Win32
		{3A716FD9-56FD-495E-812F-124AA379B55F}.Developer.Debug|Win32.ActiveCfg = Developer.Debug|Win32
		{3A716FD9-56FD-495E-812F-124AA379B55F}.Developer.Debug|Win32.Build.0 = Developer.Debug|Win32
		{3A716FD9-56FD-495E-812F-124AA379B55F}.Developer.Release|Win32.ActiveCfg = Developer.Release|Win32
		{3A716FD9-56FD-495E-812F-124AA379B55F}.Developer.Release|Win32.Build.0 = Developer.Release|Win32
		{3A716FD9-56FD-495E-812F-124AA379B55F}.Release|Win32.ActiveCfg = Release|Win32
		{3A716FD9-56FD-495E-812F-124AA379B55F}.Release|Win32.Build.0 = Release|Win32
		{2D233BA4-2EC7-47EA-BD07-37D33E4261C3}.Debug|Win32.ActiveCfg = Developer.Debug|Win32
		{2D233BA4-2EC7-47EA-BD07-37D33E4261C3}.Debug|Win32.Build.0 = Developer.Debug|Win32
		{2D233BA4-2EC7-47EA-BD07-37D33E4261C3}.Developer.Debug|Win32.ActiveCfg = Developer.Debug|Win32
		{2D233BA4-2EC7-47EA-BD07-37D33E4261C3}.Developer.Debug|Win32.Build.0 = Developer.Debug|Win32
		{2D233BA4-2EC7-47EA-BD07-37D33E4261C3}.Developer.Release|Win32.ActiveCfg = Developer.Release|Win32
		{2D233BA4-2EC7-47EA-BD07-37D33E4261C3}.Developer.Release|Win32.Build.0 = Developer.Release|Win32
		{2D233BA4-2EC7-47EA-BD07-37D33E4261C3}.Release|Win32.ActiveCfg = Release|Win32
		{2D233BA4-2EC7-47EA-BD07-37D33E4261C3}.Release|Win32.Build.0 = Release|Win32
		{D6C23411-259E-4451-A7D8-72A0CFBD0404}.Debug|Win32.ActiveCfg = Developer.Debug|Win32
		{D6C23411-259E-4451-A7D8-72A0CFBD0404}.Debug|Win32.Build.0 = Developer.Debug|Win32
		{D6C23411-259E-4451-A7D8-72A0CFBD0404}.Developer.Debug|Win32.ActiveCfg = Developer.Debug|Win32
		{D6C23411-259E-4451-A7D8-72A0CFBD0404}.Developer.Debug|Win32.Build.0 = Developer.Debug|Win32
		{D6C23411-259E-4451-A7D8-72A0CFBD0404}.Developer.Release|Win32.ActiveCfg = Developer.Release|Win32
		{D6C23411-259E-4451-A7D8-72A0CFBD0404}.Developer.Release|Win32.Build.0 = Developer.Release|Win32
		{D6C23411-259E-4451-A7D8-72A0CFBD0404}.Release|Win32.ActiveCfg = Release|Win32
		{D6C23411-259E-4451-A7D8-72A0CFBD0404}.Release|Win32.Build.0 = Release|Win32
		{73EA601E-7B01-4D44-A3EB-B23FFF538444}.Debug|Win32.ActiveCfg = Developer.Debug|Win32
		{73EA601E-7B01-4D44-A3EB-B23FFF538444}.Debug|Win32.Build.0 = Developer.Debug|Win32
		{73EA601E-7B01-4D44-A3EB-B23FFF538444}.Developer.Debug|Win32.ActiveCfg = Developer.Debug|Win32
		{73EA601E-7B01-4D44-A3EB-B23FFF538444}.Developer.Debug|Win32.Build.0 = Developer.Debug|Win32
		{73EA601E-7B01-4D44-A3EB-B23FFF538444}.Developer.Release|Win32.ActiveCfg = Developer.Release|Win32
		{73EA601E-7B01-4D44-A3EB-B23FFF538444}.Developer.Release|Win32.Build.0 = Developer.Release|Win32
		{73EA601E-7B01-4D44-A3EB-B23FFF538444}.Release|Win32.ActiveCfg = Release|Win32
		{73EA601E-7B01-4D44-A3EB-B23FFF538444}.Release|Win32.Build.0 = Release|Win32
		{2B1274FB-672C-41BC-A24E-489647EBEAD8}.Debug|Win32.ActiveCfg = Developer.Debug|Win32
		{2B1274FB-672C-41BC-A24E-489647EBEAD8}.Debug|Win32.Build.0 = Developer.Debug|Win32
		{2B1274FB-672C-41BC-A24E-489647EBEAD8}.Developer.Debug|Win32.ActiveCfg = Developer.Debug|Win32
		{2B1274FB-672C-41BC-A24E-489647EBEAD8}.Developer.Debug|Win32.Build.0 = Developer.Debug|Win32
		{2B1274FB-672C-41BC-A24E-489647EBEAD8}.Developer.Release|Win32.ActiveCfg = Developer.Release|Win32
		{2B1274FB-672C-41BC-A24E-489647EBEAD8}.Developer.Release|Win32.Build.0 = Developer.Release|Win32
		{2B1274FB-672C-41BC-A24E-489647EBEAD8}.Release|Win32.ActiveCfg = Release|Win32
		{2B1274FB-672C-41BC-A24E-489647EBEAD8}.Release|Win32.Build.0 = Release|Win32
		{14A81FA8-014E-4672-926A-3E344B318B0C}.Debug|Win32.ActiveCfg = Debug|Win32
		{14A81FA8-014E-4672-926A-3E344B318B0C}.Debug|Win32.Build.0 = Debug|Win32
		{14A81FA8-014E-4672-926A-3E344B318B0C}.Developer.Debug|Win32.ActiveCfg = Debug|Win32
		{14A81FA8-014E-4672-926A-3E344B318B0C}.Developer.Debug|Win32.Build.0 = Debug|Win32
		{14A81FA8-014E-4672-926A-3E344B318B0C}.Developer.Release|Win32.ActiveCfg = Release|Win32
		{14A81FA8-014E-4672-926A-3E344B318B0C}.Developer.Release|Win32.Build.0 = Release|Win32
		{14A81FA8-014E-4672-926A-3E344B318B0C}.Release|Win32.ActiveCfg = Release|Win32
		{14A81FA8-014E-4672-926A-3E344B318B0C}.Release|Win32.Build.0 = Release|Win32
	EndGlobalSection
	GlobalSection(SolutionProperties) = preSolution
		HideSolutionNode = FALSE
	EndGlobalSection
	GlobalSection(NestedProjects) = preSolution
		{CF921EBA-FC67-4C23-A73E-D9230ED1D151} = {0146BFC8-D6EB-4D0E-A3A1-39636C826A92}
		{83CA4443-E1A1-4CF9-9CD5-1697C3FDD898} = {0146BFC8-D6EB-4D0E-A3A1-39636C826A92}
		{86D3FCDE-97DB-4FA6-83EE-3BF11FEFF036} = {0146BFC8-D6EB-4D0E-A3A1-39636C826A92}
		{3EBA34FC-FF53-4CB7-90DB-309700993B25} = {0146BFC8-D6EB-4D0E-A3A1-39636C826A92}
		{3F9FCC96-71C2-4418-B28C-230A4D2F8651} = {0146BFC8-D6EB-4D0E-A3A1-39636C826A92}
		{3894597A-C1B5-4E1E-AC7B-8F17F4A18BFB} = {0146BFC8-D6EB-4D0E-A3A1-39636C826A92}
		{5001FA4F-9CA7-48E2-B813-EDBAFAF84D09} = {CF921EBA-FC67-4C23-A73E-D9230ED1D151}
		{B2C8B073-3615-4DA5-A8BB-645054CE04A8} = {CF921EBA-FC67-4C23-A73E-D9230ED1D151}
		{83F35107-16E1-427D-97BA-65C5EE56B022} = {5001FA4F-9CA7-48E2-B813-EDBAFAF84D09}
		{FF4A4940-6B78-4CE7-8C17-0E1700BF24A5} = {5001FA4F-9CA7-48E2-B813-EDBAFAF84D09}
		{13307B9B-7123-4E02-A1F5-300295E36328} = {83F35107-16E1-427D-97BA-65C5EE56B022}
		{9B7B68A1-91CF-4534-9C76-55514BF795AB} = {83F35107-16E1-427D-97BA-65C5EE56B022}
		{997AD499-777F-4C97-97E3-C2AB28E66946} = {FF4A4940-6B78-4CE7-8C17-0E1700BF24A5}
		{36FEB7B1-565C-43AA-909E-9A536CABA2A0} = {FF4A4940-6B78-4CE7-8C17-0E1700BF24A5}
		{4B2AB67C-0649-4BC7-B684-38866C4ADDB5} = {13307B9B-7123-4E02-A1F5-300295E36328}
		{5F8C5255-18A8-4A5A-8472-70D505928AB7} = {B2C8B073-3615-4DA5-A8BB-645054CE04A8}
		{91980CA8-30CC-4AA0-9343-AA0FED9C58AD} = {9B7B68A1-91CF-4534-9C76-55514BF795AB}
		{4E76EC9C-63A1-45C3-BA2C-DAF451831752} = {9B7B68A1-91CF-4534-9C76-55514BF795AB}
		{35F2AB86-7A14-4F61-AB32-CCADD9536E5A} = {9B7B68A1-91CF-4534-9C76-55514BF795AB}
		{2E36334E-1255-4620-B093-E6FA88C34B40} = {9B7B68A1-91CF-4534-9C76-55514BF795AB}
		{5B3D721E-C49A-4C64-BCA5-EF35250804F1} = {83CA4443-E1A1-4CF9-9CD5-1697C3FDD898}
		{94056B0C-7181-4BB7-ACB2-3224F0DC66F6} = {83CA4443-E1A1-4CF9-9CD5-1697C3FDD898}
		{761A5BAB-04FD-4051-B8D7-B8320AFEE46C} = {5B3D721E-C49A-4C64-BCA5-EF35250804F1}
		{5A659E00-12B6-4ACE-99DF-514E1A2A5A42} = {86D3FCDE-97DB-4FA6-83EE-3BF11FEFF036}
		{BF71392A-D04A-45CD-A621-5CB00642A318} = {86D3FCDE-97DB-4FA6-83EE-3BF11FEFF036}
		{F1D6BC0D-6A03-43C8-8A59-6D5F637EF636} = {5A659E00-12B6-4ACE-99DF-514E1A2A5A42}
		{89D87E85-7C16-4378-ABB8-F9ECD75650BA} = {5A659E00-12B6-4ACE-99DF-514E1A2A5A42}
		{A23BBB31-E367-42CC-88A2-71C70E204C79} = {3EBA34FC-FF53-4CB7-90DB-309700993B25}
		{719DCFF5-184B-4998-AF37-89298CEE32A4} = {3EBA34FC-FF53-4CB7-90DB-309700993B25}
		{45B0A468-7F50-4FC9-A7A2-A0A23427B7C7} = {719DCFF5-184B-4998-AF37-89298CEE32A4}
		{D9D5ADA6-AA56-49D9-9D41-5C4A7662D688} = {3F9FCC96-71C2-4418-B28C-230A4D2F8651}
		{052FE856-AAF6-4C70-9B7A-6AFB204F4427} = {3F9FCC96-71C2-4418-B28C-230A4D2F8651}
		{3A716FD9-56FD-495E-812F-124AA379B55F} = {D9D5ADA6-AA56-49D9-9D41-5C4A7662D688}
		{2D233BA4-2EC7-47EA-BD07-37D33E4261C3} = {D9D5ADA6-AA56-49D9-9D41-5C4A7662D688}
		{D6C23411-259E-4451-A7D8-72A0CFBD0404} = {D9D5ADA6-AA56-49D9-9D41-5C4A7662D688}
		{73EA601E-7B01-4D44-A3EB-B23FFF538444} = {D9D5ADA6-AA56-49D9-9D41-5C4A7662D688}
		{D6C6F305-BEA3-4DA0-80BB-C3C312DC8C29} = {3894597A-C1B5-4E1E-AC7B-8F17F4A18BFB}
		{BD01E4D3-B689-4DD5-A6D0-1191ABE84B3C} = {3894597A-C1B5-4E1E-AC7B-8F17F4A18BFB}
		{2B1274FB-672C-41BC-A24E-489647EBEAD8} = {D6C6F305-BEA3-4DA0-80BB-C3C312DC8C29}
		{14A81FA8-014E-4672-926A-3E344B318B0C} = {D6C6F305-BEA3-4DA0-80BB-C3C312DC8C29}
	EndGlobalSection
EndGlobal
