<?xml version="1.0" encoding="utf-8"?>
<Project ToolsVersion="4.0" xmlns="http://schemas.microsoft.com/developer/msbuild/2003">
  <ItemGroup>
    <Filter Include="기타">
      <UniqueIdentifier>{bbe0bc25-e428-474b-887e-d8bd0ab2822f}</UniqueIdentifier>
    </Filter>
    <Filter Include="소스">
      <UniqueIdentifier>{3c37ee7e-b914-4dec-bd8e-a3f608f4a548}</UniqueIdentifier>
    </Filter>
    <Filter Include="소스\CHUB">
      <UniqueIdentifier>{d498d937-1a2e-4165-aa56-42d67a89be89}</UniqueIdentifier>
    </Filter>
    <Filter Include="소스\CHUB\CError">
      <UniqueIdentifier>{56cc7a52-30e7-43e1-a075-7efb04286275}</UniqueIdentifier>
    </Filter>
    <Filter Include="소스\CHUB\CEngine">
      <UniqueIdentifier>{36e24c01-ead1-4fc1-9558-8bce12ce2b61}</UniqueIdentifier>
    </Filter>
    <Filter Include="소스\CHUB\CEngine\Container">
      <UniqueIdentifier>{b9be5ae1-0f63-4748-88c6-fba1b11831f4}</UniqueIdentifier>
    </Filter>
    <Filter Include="소스\CHUB\CEngine\Container\CArea">
      <UniqueIdentifier>{c96358ff-7a51-4c2a-8983-36d1539a0d35}</UniqueIdentifier>
    </Filter>
    <Filter Include="소스\CHUB\CEngine\Container\CRgb">
      <UniqueIdentifier>{459bd8fb-be5d-4282-a53f-481e7d17a3e0}</UniqueIdentifier>
    </Filter>
    <Filter Include="소스\CHUB\CEngine\Container\CRgb\CArgb">
      <UniqueIdentifier>{cc806a2f-1174-4824-a233-def6d39d5a73}</UniqueIdentifier>
    </Filter>
    <Filter Include="소스\CHUB\CEngine\CTexture">
      <UniqueIdentifier>{6e08f981-79b9-4679-93c7-9d4ca57df448}</UniqueIdentifier>
    </Filter>
    <Filter Include="소스\CHUB\CEngine\CFilter">
      <UniqueIdentifier>{2bce3203-a1f6-4a09-88c6-9fe6b592a389}</UniqueIdentifier>
    </Filter>
    <Filter Include="소스\CHUB\CEngine\CFilter\Custom preset">
      <UniqueIdentifier>{70aa9d31-cbf3-45f4-9ecb-8e88e9784796}</UniqueIdentifier>
    </Filter>
    <Filter Include="소스\CHUB\CEngine\CFilter\Custom preset\CBlurFilter">
      <UniqueIdentifier>{93749ee5-3467-4b30-abe3-ccbf992b3d52}</UniqueIdentifier>
    </Filter>
    <Filter Include="소스\CHUB\CEngine\CFilter\Custom preset\CNoiseFilter">
      <UniqueIdentifier>{a0347dc4-ce85-4a27-8824-50ba887d21dc}</UniqueIdentifier>
    </Filter>
    <Filter Include="소스\CHUB\CEngine\CFilter\Custom preset\CBloomFilter">
      <UniqueIdentifier>{b7152eab-66f4-4a0e-8491-8d4e47bbe195}</UniqueIdentifier>
    </Filter>
    <Filter Include="소스\CHUB\CEngine\CShader">
      <UniqueIdentifier>{4aa0dcc9-d4b3-4802-a3cf-6809bec6c6e2}</UniqueIdentifier>
    </Filter>
    <Filter Include="소스\CHUB\CINI">
      <UniqueIdentifier>{7c4551e5-720a-427e-b688-3a4c27447074}</UniqueIdentifier>
    </Filter>
    <Filter Include="소스\CHUB\CScripter">
      <UniqueIdentifier>{745be6b3-e6bf-4c32-8553-d57785d24a9a}</UniqueIdentifier>
    </Filter>
    <Filter Include="소스\CHUB\CScripter\CNode">
      <UniqueIdentifier>{bd1532b0-ca21-4fe6-8fd3-2c7b4c79dc22}</UniqueIdentifier>
    </Filter>
    <Filter Include="소스\CHUB\CScripter\CNode\Custom preset">
      <UniqueIdentifier>{321cae3d-398e-48e8-8709-57a7d32ed7f3}</UniqueIdentifier>
    </Filter>
    <Filter Include="소스\CHUB\CScripter\CNode\Custom preset\CCamera">
      <UniqueIdentifier>{4faefd01-362a-402c-8fb0-043b6f8f9786}</UniqueIdentifier>
    </Filter>
    <Filter Include="소스\CHUB\CScripter\CNode\Custom preset\CCamera\CFilterData">
      <UniqueIdentifier>{2bef7186-6590-46c9-ae98-666e6b9023fd}</UniqueIdentifier>
    </Filter>
    <Filter Include="소스\CHUB\CScripter\CNode\Custom preset\CCamera\CFilterData\Custom preset">
      <UniqueIdentifier>{cf8ef457-d669-402a-b3ab-880ddf8d09d4}</UniqueIdentifier>
    </Filter>
    <Filter Include="소스\CHUB\CScripter\CNode\Custom preset\CCamera\CFilterData\Custom preset\CBlurFilterData">
      <UniqueIdentifier>{6f6c9d66-3fe1-455f-a26c-f4d0fc41e5df}</UniqueIdentifier>
    </Filter>
    <Filter Include="소스\CHUB\CScripter\CNode\Custom preset\CCamera\CFilterData\Custom preset\CNoiseFilterData">
      <UniqueIdentifier>{4c1a8f25-7e13-4eed-a436-b306f650bc51}</UniqueIdentifier>
    </Filter>
    <Filter Include="소스\CHUB\CScripter\CNode\Custom preset\CCamera\CFilterData\Custom preset\CBloomFilterData">
      <UniqueIdentifier>{4289e001-c2e9-4bdb-bc76-94e50ced9e73}</UniqueIdentifier>
    </Filter>
    <Filter Include="소스\CHUB\CWindow">
      <UniqueIdentifier>{32e5b593-d6de-4aee-b753-40288dcb83a7}</UniqueIdentifier>
    </Filter>
    <Filter Include="리소스">
      <UniqueIdentifier>{4486e58c-a000-455c-b8c1-e6ad582fb816}</UniqueIdentifier>
    </Filter>
    <Filter Include="리소스\graphic">
      <UniqueIdentifier>{4e7acc6a-f025-4ed6-a409-20432827c27f}</UniqueIdentifier>
    </Filter>
    <Filter Include="리소스\shader">
      <UniqueIdentifier>{f67d8318-70a5-4849-96bc-605a565985f8}</UniqueIdentifier>
    </Filter>
  </ItemGroup>
  <ItemGroup>
    <Text Include="text\filter_route.txt">
      <Filter>기타</Filter>
    </Text>
    <Text Include="text\preFiltering_postFiltering_모든 경우의 수.txt">
      <Filter>기타</Filter>
    </Text>
    <Text Include="text\검색 매크로.txt">
      <Filter>기타</Filter>
    </Text>
    <Text Include="text\매크로 설명.txt">
      <Filter>기타</Filter>
    </Text>
    <Text Include="text\인라인을 사용하는 함수의 조건.txt">
      <Filter>기타</Filter>
    </Text>
    <Text Include="text\클래스 헤더파일 양식.txt">
      <Filter>기타</Filter>
    </Text>
    <Text Include="text\프로그램안에서 유니코드와 멀티바이트를 어떻게 하나.txt">
      <Filter>기타</Filter>
    </Text>
  </ItemGroup>
  <ItemGroup>
    <ClInclude Include="source\define.hpp">
      <Filter>소스</Filter>
    </ClInclude>
    <ClInclude Include="source\CHUB.hpp">
      <Filter>소스\CHUB</Filter>
    </ClInclude>
    <ClInclude Include="source\CError.hpp">
      <Filter>소스\CHUB\CError</Filter>
    </ClInclude>
    <ClInclude Include="source\CEngine.hpp">
      <Filter>소스\CHUB\CEngine</Filter>
    </ClInclude>
    <ClInclude Include="source\CArea.hpp">
      <Filter>소스\CHUB\CEngine\Container\CArea</Filter>
    </ClInclude>
    <ClInclude Include="source\CRgb.hpp">
      <Filter>소스\CHUB\CEngine\Container\CRgb</Filter>
    </ClInclude>
    <ClInclude Include="source\CArgb.hpp">
      <Filter>소스\CHUB\CEngine\Container\CRgb\CArgb</Filter>
    </ClInclude>
    <ClInclude Include="source\CTexture.hpp">
      <Filter>소스\CHUB\CEngine\CTexture</Filter>
    </ClInclude>
    <ClInclude Include="source\CFilter.hpp">
      <Filter>소스\CHUB\CEngine\CFilter</Filter>
    </ClInclude>
    <ClInclude Include="source\CBlurFilter.hpp">
      <Filter>소스\CHUB\CEngine\CFilter\Custom preset\CBlurFilter</Filter>
    </ClInclude>
    <ClInclude Include="source\CNoiseFilter.hpp">
      <Filter>소스\CHUB\CEngine\CFilter\Custom preset\CNoiseFilter</Filter>
    </ClInclude>
    <ClInclude Include="source\CBloomFilter.hpp">
      <Filter>소스\CHUB\CEngine\CFilter\Custom preset\CBloomFilter</Filter>
    </ClInclude>
    <ClInclude Include="source\CShader.hpp">
      <Filter>소스\CHUB\CEngine\CShader</Filter>
    </ClInclude>
    <ClInclude Include="source\CINI.hpp">
      <Filter>소스\CHUB\CINI</Filter>
    </ClInclude>
    <ClInclude Include="source\CScripter.hpp">
      <Filter>소스\CHUB\CScripter</Filter>
    </ClInclude>
    <ClInclude Include="source\CCamera.hpp">
      <Filter>소스\CHUB\CScripter\CNode\Custom preset\CCamera</Filter>
    </ClInclude>
    <ClInclude Include="source\CFilterData.hpp">
      <Filter>소스\CHUB\CScripter\CNode\Custom preset\CCamera\CFilterData</Filter>
    </ClInclude>
    <ClInclude Include="source\CBlurFilterData.hpp">
      <Filter>소스\CHUB\CScripter\CNode\Custom preset\CCamera\CFilterData\Custom preset\CBlurFilterData</Filter>
    </ClInclude>
    <ClInclude Include="source\CNoiseFilterData.hpp">
      <Filter>소스\CHUB\CScripter\CNode\Custom preset\CCamera\CFilterData\Custom preset\CNoiseFilterData</Filter>
    </ClInclude>
    <ClInclude Include="source\CBloomFilterData.hpp">
      <Filter>소스\CHUB\CScripter\CNode\Custom preset\CCamera\CFilterData\Custom preset\CBloomFilterData</Filter>
    </ClInclude>
    <ClInclude Include="source\CWindow.hpp">
      <Filter>소스\CHUB\CWindow</Filter>
    </ClInclude>
    <ClInclude Include="resource.h">
      <Filter>리소스</Filter>
    </ClInclude>
  </ItemGroup>
  <ItemGroup>
    <ClCompile Include="source\main.cpp">
      <Filter>소스</Filter>
    </ClCompile>
    <ClCompile Include="source\CHUB.cpp">
      <Filter>소스\CHUB</Filter>
    </ClCompile>
    <ClCompile Include="source\CError.cpp">
      <Filter>소스\CHUB\CError</Filter>
    </ClCompile>
    <ClCompile Include="source\CEngine.cpp">
      <Filter>소스\CHUB\CEngine</Filter>
    </ClCompile>
    <ClCompile Include="source\CArea.cpp">
      <Filter>소스\CHUB\CEngine\Container\CArea</Filter>
    </ClCompile>
    <ClCompile Include="source\CRgb.cpp">
      <Filter>소스\CHUB\CEngine\Container\CRgb</Filter>
    </ClCompile>
    <ClCompile Include="source\CArgb.cpp">
      <Filter>소스\CHUB\CEngine\Container\CRgb\CArgb</Filter>
    </ClCompile>
    <ClCompile Include="source\CTexture.cpp">
      <Filter>소스\CHUB\CEngine\CTexture</Filter>
    </ClCompile>
    <ClCompile Include="source\CFilter.cpp">
      <Filter>소스\CHUB\CEngine\CFilter</Filter>
    </ClCompile>
    <ClCompile Include="source\CBlurFilter.cpp">
      <Filter>소스\CHUB\CEngine\CFilter\Custom preset\CBlurFilter</Filter>
    </ClCompile>
    <ClCompile Include="source\CNoiseFilter.cpp">
      <Filter>소스\CHUB\CEngine\CFilter\Custom preset\CNoiseFilter</Filter>
    </ClCompile>
    <ClCompile Include="source\CBloomFilter.cpp">
      <Filter>소스\CHUB\CEngine\CFilter\Custom preset\CBloomFilter</Filter>
    </ClCompile>
    <ClCompile Include="source\CShader.cpp">
      <Filter>소스\CHUB\CEngine\CShader</Filter>
    </ClCompile>
    <ClCompile Include="source\CINI.cpp">
      <Filter>소스\CHUB\CINI</Filter>
    </ClCompile>
    <ClCompile Include="source\CScripter.cpp">
      <Filter>소스\CHUB\CScripter</Filter>
    </ClCompile>
    <ClCompile Include="source\CCamera.cpp">
      <Filter>소스\CHUB\CScripter\CNode\Custom preset\CCamera</Filter>
    </ClCompile>
    <ClCompile Include="source\CBlurFilterData.cpp">
      <Filter>소스\CHUB\CScripter\CNode\Custom preset\CCamera\CFilterData\Custom preset\CBlurFilterData</Filter>
    </ClCompile>
    <ClCompile Include="source\CNoiseFilterData.cpp">
      <Filter>소스\CHUB\CScripter\CNode\Custom preset\CCamera\CFilterData\Custom preset\CNoiseFilterData</Filter>
    </ClCompile>
    <ClCompile Include="source\CBloomFilterData.cpp">
      <Filter>소스\CHUB\CScripter\CNode\Custom preset\CCamera\CFilterData\Custom preset\CBloomFilterData</Filter>
    </ClCompile>
    <ClCompile Include="source\CWindow.cpp">
      <Filter>소스\CHUB\CWindow</Filter>
    </ClCompile>
    <ClCompile Include="source\WndProc.cpp">
      <Filter>소스\CHUB\CWindow</Filter>
    </ClCompile>
  </ItemGroup>
  <ItemGroup>
    <ResourceCompile Include="node.rc">
      <Filter>리소스</Filter>
    </ResourceCompile>
  </ItemGroup>
  <ItemGroup>
    <Image Include="..\resource\graphic\background.png">
      <Filter>리소스\graphic</Filter>
    </Image>
    <Image Include="..\resource\graphic\background2.jpg">
      <Filter>리소스\graphic</Filter>
    </Image>
    <Image Include="..\resource\graphic\car.bmp">
      <Filter>리소스\graphic</Filter>
    </Image>
    <Image Include="..\resource\graphic\correction_test.png">
      <Filter>리소스\graphic</Filter>
    </Image>
    <Image Include="..\resource\graphic\game.bmp">
      <Filter>리소스\graphic</Filter>
    </Image>
    <Image Include="..\resource\graphic\logo.bmp">
      <Filter>리소스\graphic</Filter>
    </Image>
    <Image Include="..\resource\graphic\noisemap.bmp">
      <Filter>리소스\graphic</Filter>
    </Image>
  </ItemGroup>
  <ItemGroup>
    <FxCompile Include="..\resource\shader\bloom.fx.fx">
      <Filter>리소스\shader</Filter>
    </FxCompile>
    <FxCompile Include="..\resource\shader\blur.fx.fx">
      <Filter>리소스\shader</Filter>
    </FxCompile>
    <FxCompile Include="..\resource\shader\noise.fx.fx">
      <Filter>리소스\shader</Filter>
    </FxCompile>
  </ItemGroup>
  <ItemGroup>
    <None Include="..\resource\shader\bloom.shader">
      <Filter>리소스\shader</Filter>
    </None>
    <None Include="..\resource\shader\blur.shader">
      <Filter>리소스\shader</Filter>
    </None>
    <None Include="..\resource\shader\noise.shader">
      <Filter>리소스\shader</Filter>
    </None>
  </ItemGroup>
</Project>